// !$*UTF8*$!
{
	archiveVersion = 1;
	classes = {
	};
	objectVersion = 55;
	objects = {

/* Begin PBXBuildFile section */
		AA0K2F8L824XV30MIK7W3VS4 /* RootViewController.swift in Sources */ = {isa = PBXBuildFile; fileRef = AA8J14C9838W243382W3T96P /* RootViewController.swift */; };
		AA13K52P9HC98HI8K6154614 /* Assets.xcassets in Resources */ = {isa = PBXBuildFile; fileRef = AA3H9814169V5L0R63B88028 /* Assets.xcassets */; };
		AA181K35XZM15I162M973614 /* TimerController.swift in Sources */ = {isa = PBXBuildFile; fileRef = AA26G0D5167F980691500V40 /* TimerController.swift */; };
		AA20S5301836NVF03489ZA04 /* Generic.swift in Sources */ = {isa = PBXBuildFile; fileRef = AAQG0B3Y3B18NE4GN43XVYH9 /* Generic.swift */; };
		AA2O255950404QH010203OB9 /* CGDTimer.swift in Sources */ = {isa = PBXBuildFile; fileRef = AA940I7R43JQK860P3P36382 /* CGDTimer.swift */; };
		AA35W3Y3123146N17Z8N78J3 /* ViewController.swift in Sources */ = {isa = PBXBuildFile; fileRef = AA09059W6159SG9PX2J5425T /* ViewController.swift */; };
		AA6H13T1E1Y3022031055081 /* Main.storyboard in Resources */ = {isa = PBXBuildFile; fileRef = AAOQ4L8G245YL6K7345GI89F /* Main.storyboard */; };
		AA7VH042293100H3037V43W1 /* SwiftSenior.swift in Sources */ = {isa = PBXBuildFile; fileRef = AAQPU24732U1BH6103N6Z444 /* SwiftSenior.swift */; };
		AA8X1ZFBUP305J612352713B /* AppDelegate.swift in Sources */ = {isa = PBXBuildFile; fileRef = AA2262R6VXEO2EK29P6Z3709 /* AppDelegate.swift */; };
		AA9Y863X8G02O099146KV437 /* LaunchScreen.storyboard in Resources */ = {isa = PBXBuildFile; fileRef = AA2687Y774Y22057F15422ZX /* LaunchScreen.storyboard */; };
		AAL48824555C8M9785J9BI1U /* SceneDelegate.swift in Sources */ = {isa = PBXBuildFile; fileRef = AA970M0K29N393I0016ANHE8 /* SceneDelegate.swift */; };
/* End PBXBuildFile section */

/* Begin PBXFileReference section */
		AA09059W6159SG9PX2J5425T /* ViewController.swift */ = {isa = PBXFileReference; lastKnownFileType = sourcecode.swift; path = ViewController.swift; sourceTree = "<group>"; };
		AA2262R6VXEO2EK29P6Z3709 /* AppDelegate.swift */ = {isa = PBXFileReference; lastKnownFileType = sourcecode.swift; path = AppDelegate.swift; sourceTree = "<group>"; };
		AA26G0D5167F980691500V40 /* TimerController.swift */ = {isa = PBXFileReference; lastKnownFileType = sourcecode.swift; path = TimerController.swift; sourceTree = "<group>"; };
		AA37H3C78Y43M584C920SYTD /* StudySwift.app */ = {isa = PBXFileReference; explicitFileType = wrapper.application; includeInIndex = 0; path = StudySwift.app; sourceTree = BUILT_PRODUCTS_DIR; };
		AA3828Z45702G4E375Z865NU /* Base */ = {isa = PBXFileReference; lastKnownFileType = file.storyboard; name = Base; path = Base.lproj/LaunchScreen.storyboard; sourceTree = "<group>"; };
		AA3H9814169V5L0R63B88028 /* Assets.xcassets */ = {isa = PBXFileReference; lastKnownFileType = folder.assetcatalog; path = Assets.xcassets; sourceTree = "<group>"; };
		AA55F122L55MIW8C46624099 /* Info.plist */ = {isa = PBXFileReference; lastKnownFileType = text.plist.xml; path = Info.plist; sourceTree = "<group>"; };
		AA8I42XC416677HM583S1C8H /* Base */ = {isa = PBXFileReference; lastKnownFileType = file.storyboard; name = Base; path = Base.lproj/Main.storyboard; sourceTree = "<group>"; };
		AA8J14C9838W243382W3T96P /* RootViewController.swift */ = {isa = PBXFileReference; lastKnownFileType = sourcecode.swift; path = RootViewController.swift; sourceTree = "<group>"; };
		AA940I7R43JQK860P3P36382 /* CGDTimer.swift */ = {isa = PBXFileReference; lastKnownFileType = sourcecode.swift; path = CGDTimer.swift; sourceTree = "<group>"; };
		AA970M0K29N393I0016ANHE8 /* SceneDelegate.swift */ = {isa = PBXFileReference; lastKnownFileType = sourcecode.swift; path = SceneDelegate.swift; sourceTree = "<group>"; };
		AAQG0B3Y3B18NE4GN43XVYH9 /* Generic.swift */ = {isa = PBXFileReference; lastKnownFileType = sourcecode.swift; path = Generic.swift; sourceTree = "<group>"; };
		AAQPU24732U1BH6103N6Z444 /* SwiftSenior.swift */ = {isa = PBXFileReference; lastKnownFileType = sourcecode.swift; path = SwiftSenior.swift; sourceTree = "<group>"; };
/* End PBXFileReference section */

/* Begin PBXFrameworksBuildPhase section */
		AA0A068C267039192Y63X7Q9 /* Frameworks */ = {
			isa = PBXFrameworksBuildPhase;
			buildActionMask = 2147483647;
			files = (
			);
			runOnlyForDeploymentPostprocessing = 0;
		};
/* End PBXFrameworksBuildPhase section */

/* Begin PBXGroup section */
		AA130441S27R925ND893O014 /* StudySwift */ = {
			isa = PBXGroup;
			children = (
				AA2262R6VXEO2EK29P6Z3709 /* AppDelegate.swift */,
				AA970M0K29N393I0016ANHE8 /* SceneDelegate.swift */,
				AA09059W6159SG9PX2J5425T /* ViewController.swift */,
				AA8J14C9838W243382W3T96P /* RootViewController.swift */,
				AA87FI72GLE1029450CH1H38 /* Swift高阶函数 */,
				AA143Q321I3CVHO530117H7E /* CGD定时器 */,
				AA7R582RHEX04360B4YK726J /* 泛型 */,
				AAOQ4L8G245YL6K7345GI89F /* Main.storyboard */,
				AA3H9814169V5L0R63B88028 /* Assets.xcassets */,
				AA2687Y774Y22057F15422ZX /* LaunchScreen.storyboard */,
				AA55F122L55MIW8C46624099 /* Info.plist */,
			);
			path = StudySwift;
			sourceTree = "<group>";
		};
		AA143Q321I3CVHO530117H7E /* CGD定时器 */ = {
			isa = PBXGroup;
			children = (
				AA940I7R43JQK860P3P36382 /* CGDTimer.swift */,
				AA26G0D5167F980691500V40 /* TimerController.swift */,
			);
			path = "CGD定时器";
			sourceTree = "<group>";
		};
		AA40TP46SM076819TYKM7145 /* Products */ = {
			isa = PBXGroup;
			children = (
				AA37H3C78Y43M584C920SYTD /* StudySwift.app */,
			);
			name = Products;
			sourceTree = "<group>";
		};
		AA7R582RHEX04360B4YK726J /* 泛型 */ = {
			isa = PBXGroup;
			children = (
				AAQG0B3Y3B18NE4GN43XVYH9 /* Generic.swift */,
			);
			path = "泛型";
			sourceTree = "<group>";
		};
		AA87FI72GLE1029450CH1H38 /* Swift高阶函数 */ = {
			isa = PBXGroup;
			children = (
				AAQPU24732U1BH6103N6Z444 /* SwiftSenior.swift */,
			);
			path = "Swift高阶函数";
			sourceTree = "<group>";
		};
		AAA8FSFS9L289751U00RC031 = {
			isa = PBXGroup;
			children = (
				AA130441S27R925ND893O014 /* StudySwift */,
				AA40TP46SM076819TYKM7145 /* Products */,
			);
			sourceTree = "<group>";
		};
/* End PBXGroup section */

/* Begin PBXNativeTarget section */
		AA323VI6R7TM5I58E6L7G0W0 /* StudySwift */ = {
			isa = PBXNativeTarget;
			buildConfigurationList = AA2J9174Y61Y4P34V45470A5 /* Build configuration list for PBXNativeTarget "StudySwift" */;
			buildPhases = (
				AA74709K1X5PV207499X8K10 /* Sources */,
				AA0A068C267039192Y63X7Q9 /* Frameworks */,
				AA73J014987400714P4XC4A6 /* Resources */,
				AAM2X2XS68547DE96535V027 /* ShellScript */,
			);
			buildRules = (
			);
			dependencies = (
			);
			name = StudySwift;
			productName = StudySwift;
			productReference = AA37H3C78Y43M584C920SYTD /* StudySwift.app */;
			productType = "com.apple.product-type.application";
		};
/* End PBXNativeTarget section */

/* Begin PBXProject section */
		AA3YA05214220P41HH531B22 /* Project object */ = {
			isa = PBXProject;
			attributes = {
				BuildIndependentTargetsInParallel = 1;
				LastSwiftUpdateCheck = 1340;
				LastUpgradeCheck = 1340;
				TargetAttributes = {
					AA323VI6R7TM5I58E6L7G0W0 = {
						CreatedOnToolsVersion = 13.4.1;
					};
				};
			};
			buildConfigurationList = AA904687SL63O3XLG6258283 /* Build configuration list for PBXProject "StudySwift" */;
			compatibilityVersion = "Xcode 13.0";
			developmentRegion = en;
			hasScannedForEncodings = 0;
			knownRegions = (
				en,
				Base,
			);
			mainGroup = AAA8FSFS9L289751U00RC031;
			productRefGroup = AA40TP46SM076819TYKM7145 /* Products */;
			projectDirPath = "";
			projectRoot = "";
			targets = (
				AA323VI6R7TM5I58E6L7G0W0 /* StudySwift */,
			);
		};
/* End PBXProject section */

/* Begin PBXResourcesBuildPhase section */
		AA73J014987400714P4XC4A6 /* Resources */ = {
			isa = PBXResourcesBuildPhase;
			buildActionMask = 2147483647;
			files = (
				AA9Y863X8G02O099146KV437 /* LaunchScreen.storyboard in Resources */,
				AA13K52P9HC98HI8K6154614 /* Assets.xcassets in Resources */,
				AA6H13T1E1Y3022031055081 /* Main.storyboard in Resources */,
			);
			runOnlyForDeploymentPostprocessing = 0;
		};
/* End PBXResourcesBuildPhase section */

/* Begin PBXShellScriptBuildPhase section */
		AAM2X2XS68547DE96535V027 /* ShellScript */ = {
			isa = PBXShellScriptBuildPhase;
			buildActionMask = 2147483647;
			files = (
			);
			inputFileListPaths = (
			);
			inputPaths = (
			);
			outputFileListPaths = (
			);
			outputPaths = (
			);
			runOnlyForDeploymentPostprocessing = 0;
			shellPath = /bin/sh;
			shellScript = "# Type a script or drag a script file from your workspace to insert its path.\n\n# 文件夹名称\nFILENAME=\"IpaBuild\"\n\n# 测试包脚本名字\nBUILDNAME=\"ipaBuild\"\n# 上传FTP脚本名字\nFTPNAME=\"ipaUpload\"\n# 测试包并上FTP脚本名字\nBUILDWITHFTPNAME=\"ipaBuildAndUpload\"\n\n# 项目构建目录\nPRODUCTS_PATH=\"${BUILT_PRODUCTS_DIR}\"\n# 项目目录\nTARGET_APP_PATH=\"$PRODUCTS_PATH/${TARGET_NAME}.app\"\n# 打包项目名字\n#APPNAME=\"${TARGET_NAME}\"\nAPPNAME=\"appstore\"\n\n# FTP上传-项目根目录\nUPLOADFILENAMEBEFORE=\"${SRCROOT}\"\n# FTP上传-包\nUPLOADFILENAME=\"/$BUILDNAME/$APPNAME.ipa\"\n# FTP地址\nHOST=\"xxx.xxx.x.xx\"\n# FTP账号\nUSERNAME=\"xxx\"\n# FTP密码\nPASSWORD=\"xxx\"\n# FTP路径\nHOSTFILEPATH=\"/xxx/xxx/xxx/\"\n\n# 每次构建都清理目录\nrm -rf $FILENAME\nmkdir -p $FILENAME\n\n# 测试包脚本\ncd $FILENAME\ntouch $BUILDNAME.command\nchmod +x $BUILDNAME.command\necho \"#!/bin/bash\" >> $BUILDNAME.command\necho 'cd `dirname $0`;' >> $BUILDNAME.command\necho \"mkdir Payload;\" >> $BUILDNAME.command\necho \"echo =============================打包中=============================;\" >> $BUILDNAME.command\necho \"${BUILT_PRODUCTS}\"\necho \"cp -rf $TARGET_APP_PATH Payload;\" >> $BUILDNAME.command\necho \"zip -r -q $APPNAME.ipa Payload;\" >> $BUILDNAME.command\necho \"rm -rf Payload;\" >> $BUILDNAME.command\necho \"echo =============================打包完成=============================;\" >> $BUILDNAME.command\necho \"exit;\" >> $BUILDNAME.command\n\n# 上传FTP脚本\ncd $FILENAME\ntouch $FTPNAME.command\nchmod +x $FTPNAME.command\necho \"#!/usr/bin/expect -f\" >> $FTPNAME.command\necho \"set uploadFileNameBefore $UPLOADFILENAMEBEFORE\" >> $FTPNAME.command\necho \"set uploadFileName $UPLOADFILENAME\" >> $FTPNAME.command\necho \"set host $HOST\" >> $FTPNAME.command\necho \"set username $USERNAME\" >> $FTPNAME.command\necho \"set password $PASSWORD\" >> $FTPNAME.command\necho \"spawn sftp $USERNAME@$HOST\" >> $FTPNAME.command\necho 'expect {\n        \"(yes/no)?\" {send \"yes\\r\"; exp_continue}\n        \"password:\" {send \"'$PASSWORD'\\r\"}\n    }' >> $FTPNAME.command\necho 'expect \"sftp>\"' >> $FTPNAME.command\necho 'send \"cd '$HOSTFILEPATH'\\r\"' >> $FTPNAME.command\necho 'expect \"sftp>\"' >> $FTPNAME.command\necho 'send \"put '$UPLOADFILENAMEBEFORE''$UPLOADFILENAME'\\r\"' >> $FTPNAME.command\necho 'expect \"sftp>\"' >> $FTPNAME.command\necho 'send \"bye\\r\"' >> $FTPNAME.command\necho \"expect eof\" >> $FTPNAME.command\n\n# 测试包并上FTP脚本\ncd $FILENAME\ntouch $BUILDWITHFTPNAME.command\nchmod +x $BUILDWITHFTPNAME.command\necho \"#!/bin/bash\" >> $BUILDWITHFTPNAME.command\necho 'cd `dirname $0`;' >> $BUILDWITHFTPNAME.command\necho \"mkdir Payload;\" >> $BUILDWITHFTPNAME.command\necho \"echo =============================打包中=============================;\" >> $BUILDWITHFTPNAME.command\necho \"${BUILT_PRODUCTS}\"\necho \"cp -rf $TARGET_APP_PATH Payload;\" >> $BUILDWITHFTPNAME.command\necho \"zip -r -q $APPNAME.ipa Payload;\" >> $BUILDWITHFTPNAME.command\necho \"rm -rf Payload;\" >> $BUILDWITHFTPNAME.command\necho \"echo =============================打包完成=============================;\" >> $BUILDWITHFTPNAME.command\necho \"open $UPLOADFILENAMEBEFORE/$FILENAME/$FTPNAME.command\" >> $BUILDWITHFTPNAME.command\necho \"exit;\" >> $BUILDWITHFTPNAME.command\n";
		};
/* End PBXShellScriptBuildPhase section */

/* Begin PBXSourcesBuildPhase section */
		AA74709K1X5PV207499X8K10 /* Sources */ = {
			isa = PBXSourcesBuildPhase;
			buildActionMask = 2147483647;
			files = (
				AA35W3Y3123146N17Z8N78J3 /* ViewController.swift in Sources */,
				AA7VH042293100H3037V43W1 /* SwiftSenior.swift in Sources */,
				AA8X1ZFBUP305J612352713B /* AppDelegate.swift in Sources */,
				AAL48824555C8M9785J9BI1U /* SceneDelegate.swift in Sources */,
				AA0K2F8L824XV30MIK7W3VS4 /* RootViewController.swift in Sources */,
				AA2O255950404QH010203OB9 /* CGDTimer.swift in Sources */,
				AA20S5301836NVF03489ZA04 /* Generic.swift in Sources */,
				AA181K35XZM15I162M973614 /* TimerController.swift in Sources */,
			);
			runOnlyForDeploymentPostprocessing = 0;
		};
/* End PBXSourcesBuildPhase section */

/* Begin PBXVariantGroup section */
		AA2687Y774Y22057F15422ZX /* LaunchScreen.storyboard */ = {
			isa = PBXVariantGroup;
			children = (
				AA3828Z45702G4E375Z865NU /* Base */,
			);
			name = LaunchScreen.storyboard;
			sourceTree = "<group>";
		};
		AAOQ4L8G245YL6K7345GI89F /* Main.storyboard */ = {
			isa = PBXVariantGroup;
			children = (
				AA8I42XC416677HM583S1C8H /* Base */,
			);
			name = Main.storyboard;
			sourceTree = "<group>";
		};
/* End PBXVariantGroup section */

/* Begin XCBuildConfiguration section */
		AA331X96100QP2358225Z90M /* Debug */ = {
			isa = XCBuildConfiguration;
			buildSettings = {
				ASSETCATALOG_COMPILER_APPICON_NAME = AppIcon;
				ASSETCATALOG_COMPILER_GLOBAL_ACCENT_COLOR_NAME = AccentColor;
				CODE_SIGN_STYLE = Automatic;
				CURRENT_PROJECT_VERSION = 1;
				GENERATE_INFOPLIST_FILE = YES;
				INFOPLIST_FILE = StudySwift/Info.plist;
				INFOPLIST_KEY_UIApplicationSupportsIndirectInputEvents = YES;
				INFOPLIST_KEY_UILaunchStoryboardName = LaunchScreen;
				INFOPLIST_KEY_UIMainStoryboardFile = Main;
				INFOPLIST_KEY_UISupportedInterfaceOrientations_iPad = "UIInterfaceOrientationPortrait UIInterfaceOrientationPortraitUpsideDown UIInterfaceOrientationLandscapeLeft UIInterfaceOrientationLandscapeRight";
				INFOPLIST_KEY_UISupportedInterfaceOrientations_iPhone = "UIInterfaceOrientationPortrait UIInterfaceOrientationLandscapeLeft UIInterfaceOrientationLandscapeRight";
				LD_RUNPATH_SEARCH_PATHS = (
					"$(inherited)",
					"@executable_path/Frameworks",
				);
				MARKETING_VERSION = 1.0;
				PRODUCT_BUNDLE_IDENTIFIER = "cn.hahn.Swift.---Swift";
				PRODUCT_NAME = "$(TARGET_NAME)";
				SWIFT_EMIT_LOC_STRINGS = YES;
				SWIFT_VERSION = 5.0;
				TARGETED_DEVICE_FAMILY = "1,2";
			};
			name = Debug;
		};
		AA6PR6Q44Q10MAKL520W4315 /* Release */ = {
			isa = XCBuildConfiguration;
			buildSettings = {
				ALWAYS_SEARCH_USER_PATHS = NO;
				CLANG_ANALYZER_NONNULL = YES;
				CLANG_ANALYZER_NUMBER_OBJECT_CONVERSION = YES_AGGRESSIVE;
				CLANG_CXX_LANGUAGE_STANDARD = "gnu++17";
				CLANG_ENABLE_MODULES = YES;
				CLANG_ENABLE_OBJC_ARC = YES;
				CLANG_ENABLE_OBJC_WEAK = YES;
				CLANG_WARN_BLOCK_CAPTURE_AUTORELEASING = YES;
				CLANG_WARN_BOOL_CONVERSION = YES;
				CLANG_WARN_COMMA = YES;
				CLANG_WARN_CONSTANT_CONVERSION = YES;
				CLANG_WARN_DEPRECATED_OBJC_IMPLEMENTATIONS = YES;
				CLANG_WARN_DIRECT_OBJC_ISA_USAGE = YES_ERROR;
				CLANG_WARN_DOCUMENTATION_COMMENTS = YES;
				CLANG_WARN_EMPTY_BODY = YES;
				CLANG_WARN_ENUM_CONVERSION = YES;
				CLANG_WARN_INFINITE_RECURSION = YES;
				CLANG_WARN_INT_CONVERSION = YES;
				CLANG_WARN_NON_LITERAL_NULL_CONVERSION = YES;
				CLANG_WARN_OBJC_IMPLICIT_RETAIN_SELF = YES;
				CLANG_WARN_OBJC_LITERAL_CONVERSION = YES;
				CLANG_WARN_OBJC_ROOT_CLASS = YES_ERROR;
				CLANG_WARN_QUOTED_INCLUDE_IN_FRAMEWORK_HEADER = YES;
				CLANG_WARN_RANGE_LOOP_ANALYSIS = YES;
				CLANG_WARN_STRICT_PROTOTYPES = YES;
				CLANG_WARN_SUSPICIOUS_MOVE = YES;
				CLANG_WARN_UNGUARDED_AVAILABILITY = YES_AGGRESSIVE;
				CLANG_WARN_UNREACHABLE_CODE = YES;
				CLANG_WARN__DUPLICATE_METHOD_MATCH = YES;
				COPY_PHASE_STRIP = NO;
				DEBUG_INFORMATION_FORMAT = "dwarf-with-dsym";
				ENABLE_NS_ASSERTIONS = NO;
				ENABLE_STRICT_OBJC_MSGSEND = YES;
				GCC_C_LANGUAGE_STANDARD = gnu11;
				GCC_NO_COMMON_BLOCKS = YES;
				GCC_WARN_64_TO_32_BIT_CONVERSION = YES;
				GCC_WARN_ABOUT_RETURN_TYPE = YES_ERROR;
				GCC_WARN_UNDECLARED_SELECTOR = YES;
				GCC_WARN_UNINITIALIZED_AUTOS = YES_AGGRESSIVE;
				GCC_WARN_UNUSED_FUNCTION = YES;
				GCC_WARN_UNUSED_VARIABLE = YES;
				IPHONEOS_DEPLOYMENT_TARGET = 15.5;
				MTL_ENABLE_DEBUG_INFO = NO;
				MTL_FAST_MATH = YES;
				SDKROOT = iphoneos;
				SWIFT_COMPILATION_MODE = wholemodule;
				SWIFT_OPTIMIZATION_LEVEL = "-O";
				VALIDATE_PRODUCT = YES;
			};
			name = Release;
		};
		AA85G5M884398V0A672S73B7 /* Release */ = {
			isa = XCBuildConfiguration;
			buildSettings = {
				ASSETCATALOG_COMPILER_APPICON_NAME = AppIcon;
				ASSETCATALOG_COMPILER_GLOBAL_ACCENT_COLOR_NAME = AccentColor;
				CODE_SIGN_STYLE = Automatic;
				CURRENT_PROJECT_VERSION = 1;
				GENERATE_INFOPLIST_FILE = YES;
				INFOPLIST_FILE = StudySwift/Info.plist;
				INFOPLIST_KEY_UIApplicationSupportsIndirectInputEvents = YES;
				INFOPLIST_KEY_UILaunchStoryboardName = LaunchScreen;
				INFOPLIST_KEY_UIMainStoryboardFile = Main;
				INFOPLIST_KEY_UISupportedInterfaceOrientations_iPad = "UIInterfaceOrientationPortrait UIInterfaceOrientationPortraitUpsideDown UIInterfaceOrientationLandscapeLeft UIInterfaceOrientationLandscapeRight";
				INFOPLIST_KEY_UISupportedInterfaceOrientations_iPhone = "UIInterfaceOrientationPortrait UIInterfaceOrientationLandscapeLeft UIInterfaceOrientationLandscapeRight";
				LD_RUNPATH_SEARCH_PATHS = (
					"$(inherited)",
					"@executable_path/Frameworks",
				);
				MARKETING_VERSION = 1.0;
				PRODUCT_BUNDLE_IDENTIFIER = "cn.hahn.Swift.---Swift";
				PRODUCT_NAME = "$(TARGET_NAME)";
				SWIFT_EMIT_LOC_STRINGS = YES;
				SWIFT_VERSION = 5.0;
				TARGETED_DEVICE_FAMILY = "1,2";
			};
			name = Release;
		};
		AAA3ZB12291C01290F121W5U /* Debug */ = {
			isa = XCBuildConfiguration;
			buildSettings = {
				ALWAYS_SEARCH_USER_PATHS = NO;
				CLANG_ANALYZER_NONNULL = YES;
				CLANG_ANALYZER_NUMBER_OBJECT_CONVERSION = YES_AGGRESSIVE;
				CLANG_CXX_LANGUAGE_STANDARD = "gnu++17";
				CLANG_ENABLE_MODULES = YES;
				CLANG_ENABLE_OBJC_ARC = YES;
				CLANG_ENABLE_OBJC_WEAK = YES;
				CLANG_WARN_BLOCK_CAPTURE_AUTORELEASING = YES;
				CLANG_WARN_BOOL_CONVERSION = YES;
				CLANG_WARN_COMMA = YES;
				CLANG_WARN_CONSTANT_CONVERSION = YES;
				CLANG_WARN_DEPRECATED_OBJC_IMPLEMENTATIONS = YES;
				CLANG_WARN_DIRECT_OBJC_ISA_USAGE = YES_ERROR;
				CLANG_WARN_DOCUMENTATION_COMMENTS = YES;
				CLANG_WARN_EMPTY_BODY = YES;
				CLANG_WARN_ENUM_CONVERSION = YES;
				CLANG_WARN_INFINITE_RECURSION = YES;
				CLANG_WARN_INT_CONVERSION = YES;
				CLANG_WARN_NON_LITERAL_NULL_CONVERSION = YES;
				CLANG_WARN_OBJC_IMPLICIT_RETAIN_SELF = YES;
				CLANG_WARN_OBJC_LITERAL_CONVERSION = YES;
				CLANG_WARN_OBJC_ROOT_CLASS = YES_ERROR;
				CLANG_WARN_QUOTED_INCLUDE_IN_FRAMEWORK_HEADER = YES;
				CLANG_WARN_RANGE_LOOP_ANALYSIS = YES;
				CLANG_WARN_STRICT_PROTOTYPES = YES;
				CLANG_WARN_SUSPICIOUS_MOVE = YES;
				CLANG_WARN_UNGUARDED_AVAILABILITY = YES_AGGRESSIVE;
				CLANG_WARN_UNREACHABLE_CODE = YES;
				CLANG_WARN__DUPLICATE_METHOD_MATCH = YES;
				COPY_PHASE_STRIP = NO;
				DEBUG_INFORMATION_FORMAT = dwarf;
				ENABLE_STRICT_OBJC_MSGSEND = YES;
				ENABLE_TESTABILITY = YES;
				GCC_C_LANGUAGE_STANDARD = gnu11;
				GCC_DYNAMIC_NO_PIC = NO;
				GCC_NO_COMMON_BLOCKS = YES;
				GCC_OPTIMIZATION_LEVEL = 0;
				GCC_PREPROCESSOR_DEFINITIONS = (
					"DEBUG=1",
					"$(inherited)",
				);
				GCC_WARN_64_TO_32_BIT_CONVERSION = YES;
				GCC_WARN_ABOUT_RETURN_TYPE = YES_ERROR;
				GCC_WARN_UNDECLARED_SELECTOR = YES;
				GCC_WARN_UNINITIALIZED_AUTOS = YES_AGGRESSIVE;
				GCC_WARN_UNUSED_FUNCTION = YES;
				GCC_WARN_UNUSED_VARIABLE = YES;
				IPHONEOS_DEPLOYMENT_TARGET = 15.5;
				MTL_ENABLE_DEBUG_INFO = INCLUDE_SOURCE;
				MTL_FAST_MATH = YES;
				ONLY_ACTIVE_ARCH = YES;
				SDKROOT = iphoneos;
				SWIFT_ACTIVE_COMPILATION_CONDITIONS = DEBUG;
				SWIFT_OPTIMIZATION_LEVEL = "-Onone";
			};
			name = Debug;
		};
/* End XCBuildConfiguration section */

/* Begin XCConfigurationList section */
		AA2J9174Y61Y4P34V45470A5 /* Build configuration list for PBXNativeTarget "StudySwift" */ = {
			isa = XCConfigurationList;
			buildConfigurations = (
				AA331X96100QP2358225Z90M /* Debug */,
				AA85G5M884398V0A672S73B7 /* Release */,
			);
			defaultConfigurationIsVisible = 0;
			defaultConfigurationName = Release;
		};
		AA904687SL63O3XLG6258283 /* Build configuration list for PBXProject "StudySwift" */ = {
			isa = XCConfigurationList;
			buildConfigurations = (
				AAA3ZB12291C01290F121W5U /* Debug */,
				AA6PR6Q44Q10MAKL520W4315 /* Release */,
			);
			defaultConfigurationIsVisible = 0;
			defaultConfigurationName = Release;
		};
/* End XCConfigurationList section */
	};
	rootObject = AA3YA05214220P41HH531B22 /* Project object */;
}
