// !$*UTF8*$!
{
	archiveVersion = 1;
	classes = {
	};
	objectVersion = 55;
	objects = {

/* Begin PBXBuildFile section */
		AA4041AB286042B5008F1D34 /* Generic.swift in Sources */ = {isa = PBXBuildFile; fileRef = AA4041AA286042B5008F1D34 /* Generic.swift */; };
		AAAB3AAC28534AE7004C4EA8 /* AppDelegate.swift in Sources */ = {isa = PBXBuildFile; fileRef = AAAB3AAB28534AE7004C4EA8 /* AppDelegate.swift */; };
		AAAB3AAE28534AE7004C4EA8 /* SceneDelegate.swift in Sources */ = {isa = PBXBuildFile; fileRef = AAAB3AAD28534AE7004C4EA8 /* SceneDelegate.swift */; };
		AAAB3AB028534AE7004C4EA8 /* ViewController.swift in Sources */ = {isa = PBXBuildFile; fileRef = AAAB3AAF28534AE7004C4EA8 /* ViewController.swift */; };
		AAAB3AB328534AE7004C4EA8 /* Main.storyboard in Resources */ = {isa = PBXBuildFile; fileRef = AAAB3AB128534AE7004C4EA8 /* Main.storyboard */; };
		AAAB3AB528534AE8004C4EA8 /* Assets.xcassets in Resources */ = {isa = PBXBuildFile; fileRef = AAAB3AB428534AE8004C4EA8 /* Assets.xcassets */; };
		AAAB3AB828534AE8004C4EA8 /* LaunchScreen.storyboard in Resources */ = {isa = PBXBuildFile; fileRef = AAAB3AB628534AE8004C4EA8 /* LaunchScreen.storyboard */; };
		AAAB3AC328534AE8004C4EA8 /* ___SwiftTests.swift in Sources */ = {isa = PBXBuildFile; fileRef = AAAB3AC228534AE8004C4EA8 /* ___SwiftTests.swift */; };
		AAAB3ACD28534AE8004C4EA8 /* ___SwiftUITests.swift in Sources */ = {isa = PBXBuildFile; fileRef = AAAB3ACC28534AE8004C4EA8 /* ___SwiftUITests.swift */; };
		AAAB3ACF28534AE8004C4EA8 /* ___SwiftUITestsLaunchTests.swift in Sources */ = {isa = PBXBuildFile; fileRef = AAAB3ACE28534AE8004C4EA8 /* ___SwiftUITestsLaunchTests.swift */; };
		AABA8DA02864098D000923C4 /* SwiftSenior.swift in Sources */ = {isa = PBXBuildFile; fileRef = AABA8D9F2864098D000923C4 /* SwiftSenior.swift */; };
		AAFEB538286061BC00DA1226 /* CGDTimer.swift in Sources */ = {isa = PBXBuildFile; fileRef = AAFEB537286061BC00DA1226 /* CGDTimer.swift */; };
		AAFEB53A2860756000DA1226 /* TimerController.swift in Sources */ = {isa = PBXBuildFile; fileRef = AAFEB5392860756000DA1226 /* TimerController.swift */; };
		AAFEB53C286077C800DA1226 /* RootViewController.swift in Sources */ = {isa = PBXBuildFile; fileRef = AAFEB53B286077C800DA1226 /* RootViewController.swift */; };
/* End PBXBuildFile section */

/* Begin PBXContainerItemProxy section */
		AAAB3ABF28534AE8004C4EA8 /* PBXContainerItemProxy */ = {
			isa = PBXContainerItemProxy;
			containerPortal = AAAB3AA028534AE7004C4EA8 /* Project object */;
			proxyType = 1;
			remoteGlobalIDString = AAAB3AA728534AE7004C4EA8;
			remoteInfo = "体系_Swift";
		};
		AAAB3AC928534AE8004C4EA8 /* PBXContainerItemProxy */ = {
			isa = PBXContainerItemProxy;
			containerPortal = AAAB3AA028534AE7004C4EA8 /* Project object */;
			proxyType = 1;
			remoteGlobalIDString = AAAB3AA728534AE7004C4EA8;
			remoteInfo = "体系_Swift";
		};
/* End PBXContainerItemProxy section */

/* Begin PBXFileReference section */
		AA4041AA286042B5008F1D34 /* Generic.swift */ = {isa = PBXFileReference; lastKnownFileType = sourcecode.swift; path = Generic.swift; sourceTree = "<group>"; };
		AAAB3AA828534AE7004C4EA8 /* 体系_Swift.app */ = {isa = PBXFileReference; explicitFileType = wrapper.application; includeInIndex = 0; path = "体系_Swift.app"; sourceTree = BUILT_PRODUCTS_DIR; };
		AAAB3AAB28534AE7004C4EA8 /* AppDelegate.swift */ = {isa = PBXFileReference; lastKnownFileType = sourcecode.swift; path = AppDelegate.swift; sourceTree = "<group>"; };
		AAAB3AAD28534AE7004C4EA8 /* SceneDelegate.swift */ = {isa = PBXFileReference; lastKnownFileType = sourcecode.swift; path = SceneDelegate.swift; sourceTree = "<group>"; };
		AAAB3AAF28534AE7004C4EA8 /* ViewController.swift */ = {isa = PBXFileReference; lastKnownFileType = sourcecode.swift; path = ViewController.swift; sourceTree = "<group>"; };
		AAAB3AB228534AE7004C4EA8 /* Base */ = {isa = PBXFileReference; lastKnownFileType = file.storyboard; name = Base; path = Base.lproj/Main.storyboard; sourceTree = "<group>"; };
		AAAB3AB428534AE8004C4EA8 /* Assets.xcassets */ = {isa = PBXFileReference; lastKnownFileType = folder.assetcatalog; path = Assets.xcassets; sourceTree = "<group>"; };
		AAAB3AB728534AE8004C4EA8 /* Base */ = {isa = PBXFileReference; lastKnownFileType = file.storyboard; name = Base; path = Base.lproj/LaunchScreen.storyboard; sourceTree = "<group>"; };
		AAAB3AB928534AE8004C4EA8 /* Info.plist */ = {isa = PBXFileReference; lastKnownFileType = text.plist.xml; path = Info.plist; sourceTree = "<group>"; };
		AAAB3ABE28534AE8004C4EA8 /* 体系_SwiftTests.xctest */ = {isa = PBXFileReference; explicitFileType = wrapper.cfbundle; includeInIndex = 0; path = "体系_SwiftTests.xctest"; sourceTree = BUILT_PRODUCTS_DIR; };
		AAAB3AC228534AE8004C4EA8 /* ___SwiftTests.swift */ = {isa = PBXFileReference; lastKnownFileType = sourcecode.swift; path = "___SwiftTests.swift"; sourceTree = "<group>"; };
		AAAB3AC828534AE8004C4EA8 /* 体系_SwiftUITests.xctest */ = {isa = PBXFileReference; explicitFileType = wrapper.cfbundle; includeInIndex = 0; path = "体系_SwiftUITests.xctest"; sourceTree = BUILT_PRODUCTS_DIR; };
		AAAB3ACC28534AE8004C4EA8 /* ___SwiftUITests.swift */ = {isa = PBXFileReference; lastKnownFileType = sourcecode.swift; path = "___SwiftUITests.swift"; sourceTree = "<group>"; };
		AAAB3ACE28534AE8004C4EA8 /* ___SwiftUITestsLaunchTests.swift */ = {isa = PBXFileReference; lastKnownFileType = sourcecode.swift; path = "___SwiftUITestsLaunchTests.swift"; sourceTree = "<group>"; };
		AABA8D9F2864098D000923C4 /* SwiftSenior.swift */ = {isa = PBXFileReference; lastKnownFileType = sourcecode.swift; path = SwiftSenior.swift; sourceTree = "<group>"; };
		AAFEB537286061BC00DA1226 /* CGDTimer.swift */ = {isa = PBXFileReference; lastKnownFileType = sourcecode.swift; path = CGDTimer.swift; sourceTree = "<group>"; };
		AAFEB5392860756000DA1226 /* TimerController.swift */ = {isa = PBXFileReference; lastKnownFileType = sourcecode.swift; path = TimerController.swift; sourceTree = "<group>"; };
		AAFEB53B286077C800DA1226 /* RootViewController.swift */ = {isa = PBXFileReference; lastKnownFileType = sourcecode.swift; path = RootViewController.swift; sourceTree = "<group>"; };
/* End PBXFileReference section */

/* Begin PBXFrameworksBuildPhase section */
		AAAB3AA528534AE7004C4EA8 /* Frameworks */ = {
			isa = PBXFrameworksBuildPhase;
			buildActionMask = 2147483647;
			files = (
			);
			runOnlyForDeploymentPostprocessing = 0;
		};
		AAAB3ABB28534AE8004C4EA8 /* Frameworks */ = {
			isa = PBXFrameworksBuildPhase;
			buildActionMask = 2147483647;
			files = (
			);
			runOnlyForDeploymentPostprocessing = 0;
		};
		AAAB3AC528534AE8004C4EA8 /* Frameworks */ = {
			isa = PBXFrameworksBuildPhase;
			buildActionMask = 2147483647;
			files = (
			);
			runOnlyForDeploymentPostprocessing = 0;
		};
/* End PBXFrameworksBuildPhase section */

/* Begin PBXGroup section */
		AA4041A928604291008F1D34 /* 泛型 */ = {
			isa = PBXGroup;
			children = (
				AA4041AA286042B5008F1D34 /* Generic.swift */,
			);
			path = "泛型";
			sourceTree = "<group>";
		};
		AAAB3A9F28534AE7004C4EA8 = {
			isa = PBXGroup;
			children = (
				AAAB3AAA28534AE7004C4EA8 /* 体系_Swift */,
				AAAB3AC128534AE8004C4EA8 /* 体系_SwiftTests */,
				AAAB3ACB28534AE8004C4EA8 /* 体系_SwiftUITests */,
				AAAB3AA928534AE7004C4EA8 /* Products */,
			);
			sourceTree = "<group>";
		};
		AAAB3AA928534AE7004C4EA8 /* Products */ = {
			isa = PBXGroup;
			children = (
				AAAB3AA828534AE7004C4EA8 /* 体系_Swift.app */,
				AAAB3ABE28534AE8004C4EA8 /* 体系_SwiftTests.xctest */,
				AAAB3AC828534AE8004C4EA8 /* 体系_SwiftUITests.xctest */,
			);
			name = Products;
			sourceTree = "<group>";
		};
		AAAB3AAA28534AE7004C4EA8 /* 体系_Swift */ = {
			isa = PBXGroup;
			children = (
				AAAB3AAB28534AE7004C4EA8 /* AppDelegate.swift */,
				AAAB3AAD28534AE7004C4EA8 /* SceneDelegate.swift */,
				AAAB3AAF28534AE7004C4EA8 /* ViewController.swift */,
				AAFEB53B286077C800DA1226 /* RootViewController.swift */,
				AABA8D9E28640949000923C4 /* Swift高阶函数 */,
				AAFEB5362860604500DA1226 /* CGD定时器 */,
				AA4041A928604291008F1D34 /* 泛型 */,
				AAAB3AB128534AE7004C4EA8 /* Main.storyboard */,
				AAAB3AB428534AE8004C4EA8 /* Assets.xcassets */,
				AAAB3AB628534AE8004C4EA8 /* LaunchScreen.storyboard */,
				AAAB3AB928534AE8004C4EA8 /* Info.plist */,
			);
			path = "体系_Swift";
			sourceTree = "<group>";
		};
		AAAB3AC128534AE8004C4EA8 /* 体系_SwiftTests */ = {
			isa = PBXGroup;
			children = (
				AAAB3AC228534AE8004C4EA8 /* ___SwiftTests.swift */,
			);
			path = "体系_SwiftTests";
			sourceTree = "<group>";
		};
		AAAB3ACB28534AE8004C4EA8 /* 体系_SwiftUITests */ = {
			isa = PBXGroup;
			children = (
				AAAB3ACC28534AE8004C4EA8 /* ___SwiftUITests.swift */,
				AAAB3ACE28534AE8004C4EA8 /* ___SwiftUITestsLaunchTests.swift */,
			);
			path = "体系_SwiftUITests";
			sourceTree = "<group>";
		};
		AABA8D9E28640949000923C4 /* Swift高阶函数 */ = {
			isa = PBXGroup;
			children = (
				AABA8D9F2864098D000923C4 /* SwiftSenior.swift */,
			);
			path = "Swift高阶函数";
			sourceTree = "<group>";
		};
		AAFEB5362860604500DA1226 /* CGD定时器 */ = {
			isa = PBXGroup;
			children = (
				AAFEB537286061BC00DA1226 /* CGDTimer.swift */,
				AAFEB5392860756000DA1226 /* TimerController.swift */,
			);
			path = "CGD定时器";
			sourceTree = "<group>";
		};
/* End PBXGroup section */

/* Begin PBXNativeTarget section */
		AAAB3AA728534AE7004C4EA8 /* 体系_Swift */ = {
			isa = PBXNativeTarget;
			buildConfigurationList = AAAB3AD228534AE8004C4EA8 /* Build configuration list for PBXNativeTarget "体系_Swift" */;
			buildPhases = (
				AAAB3AA428534AE7004C4EA8 /* Sources */,
				AAAB3AA528534AE7004C4EA8 /* Frameworks */,
				AAAB3AA628534AE7004C4EA8 /* Resources */,
				AABA8D9D28636DDD000923C4 /* ShellScript */,
			);
			buildRules = (
			);
			dependencies = (
			);
			name = "体系_Swift";
			productName = "体系_Swift";
			productReference = AAAB3AA828534AE7004C4EA8 /* 体系_Swift.app */;
			productType = "com.apple.product-type.application";
		};
		AAAB3ABD28534AE8004C4EA8 /* 体系_SwiftTests */ = {
			isa = PBXNativeTarget;
			buildConfigurationList = AAAB3AD528534AE8004C4EA8 /* Build configuration list for PBXNativeTarget "体系_SwiftTests" */;
			buildPhases = (
				AAAB3ABA28534AE8004C4EA8 /* Sources */,
				AAAB3ABB28534AE8004C4EA8 /* Frameworks */,
				AAAB3ABC28534AE8004C4EA8 /* Resources */,
			);
			buildRules = (
			);
			dependencies = (
				AAAB3AC028534AE8004C4EA8 /* PBXTargetDependency */,
			);
			name = "体系_SwiftTests";
			productName = "体系_SwiftTests";
			productReference = AAAB3ABE28534AE8004C4EA8 /* 体系_SwiftTests.xctest */;
			productType = "com.apple.product-type.bundle.unit-test";
		};
		AAAB3AC728534AE8004C4EA8 /* 体系_SwiftUITests */ = {
			isa = PBXNativeTarget;
			buildConfigurationList = AAAB3AD828534AE8004C4EA8 /* Build configuration list for PBXNativeTarget "体系_SwiftUITests" */;
			buildPhases = (
				AAAB3AC428534AE8004C4EA8 /* Sources */,
				AAAB3AC528534AE8004C4EA8 /* Frameworks */,
				AAAB3AC628534AE8004C4EA8 /* Resources */,
			);
			buildRules = (
			);
			dependencies = (
				AAAB3ACA28534AE8004C4EA8 /* PBXTargetDependency */,
			);
			name = "体系_SwiftUITests";
			productName = "体系_SwiftUITests";
			productReference = AAAB3AC828534AE8004C4EA8 /* 体系_SwiftUITests.xctest */;
			productType = "com.apple.product-type.bundle.ui-testing";
		};
/* End PBXNativeTarget section */

/* Begin PBXProject section */
		AAAB3AA028534AE7004C4EA8 /* Project object */ = {
			isa = PBXProject;
			attributes = {
				BuildIndependentTargetsInParallel = 1;
				LastSwiftUpdateCheck = 1340;
				LastUpgradeCheck = 1340;
				TargetAttributes = {
					AAAB3AA728534AE7004C4EA8 = {
						CreatedOnToolsVersion = 13.4.1;
					};
					AAAB3ABD28534AE8004C4EA8 = {
						CreatedOnToolsVersion = 13.4.1;
						TestTargetID = AAAB3AA728534AE7004C4EA8;
					};
					AAAB3AC728534AE8004C4EA8 = {
						CreatedOnToolsVersion = 13.4.1;
						TestTargetID = AAAB3AA728534AE7004C4EA8;
					};
				};
			};
			buildConfigurationList = AAAB3AA328534AE7004C4EA8 /* Build configuration list for PBXProject "体系_Swift" */;
			compatibilityVersion = "Xcode 13.0";
			developmentRegion = en;
			hasScannedForEncodings = 0;
			knownRegions = (
				en,
				Base,
			);
			mainGroup = AAAB3A9F28534AE7004C4EA8;
			productRefGroup = AAAB3AA928534AE7004C4EA8 /* Products */;
			projectDirPath = "";
			projectRoot = "";
			targets = (
				AAAB3AA728534AE7004C4EA8 /* 体系_Swift */,
				AAAB3ABD28534AE8004C4EA8 /* 体系_SwiftTests */,
				AAAB3AC728534AE8004C4EA8 /* 体系_SwiftUITests */,
			);
		};
/* End PBXProject section */

/* Begin PBXResourcesBuildPhase section */
		AAAB3AA628534AE7004C4EA8 /* Resources */ = {
			isa = PBXResourcesBuildPhase;
			buildActionMask = 2147483647;
			files = (
				AAAB3AB828534AE8004C4EA8 /* LaunchScreen.storyboard in Resources */,
				AAAB3AB528534AE8004C4EA8 /* Assets.xcassets in Resources */,
				AAAB3AB328534AE7004C4EA8 /* Main.storyboard in Resources */,
			);
			runOnlyForDeploymentPostprocessing = 0;
		};
		AAAB3ABC28534AE8004C4EA8 /* Resources */ = {
			isa = PBXResourcesBuildPhase;
			buildActionMask = 2147483647;
			files = (
			);
			runOnlyForDeploymentPostprocessing = 0;
		};
		AAAB3AC628534AE8004C4EA8 /* Resources */ = {
			isa = PBXResourcesBuildPhase;
			buildActionMask = 2147483647;
			files = (
			);
			runOnlyForDeploymentPostprocessing = 0;
		};
/* End PBXResourcesBuildPhase section */

/* Begin PBXShellScriptBuildPhase section */
		AABA8D9D28636DDD000923C4 /* ShellScript */ = {
			isa = PBXShellScriptBuildPhase;
			buildActionMask = 2147483647;
			files = (
			);
			inputFileListPaths = (
			);
			inputPaths = (
			);
			outputFileListPaths = (
			);
			outputPaths = (
			);
			runOnlyForDeploymentPostprocessing = 0;
			shellPath = /bin/sh;
			shellScript = "# Type a script or drag a script file from your workspace to insert its path.\n\n# 文件夹名称\nFILENAME=\"IpaBuild\"\n\n# 测试包脚本名字\nBUILDNAME=\"ipaBuild\"\n# 上传FTP脚本名字\nFTPNAME=\"ipaUpload\"\n# 测试包并上FTP脚本名字\nBUILDWITHFTPNAME=\"ipaBuildAndUpload\"\n\n# 项目构建目录\nPRODUCTS_PATH=\"${BUILT_PRODUCTS_DIR}\"\n# 项目目录\nTARGET_APP_PATH=\"$PRODUCTS_PATH/${TARGET_NAME}.app\"\n# 打包项目名字\n#APPNAME=\"${TARGET_NAME}\"\nAPPNAME=\"appstore\"\n\n# FTP上传-项目根目录\nUPLOADFILENAMEBEFORE=\"${SRCROOT}\"\n# FTP上传-包\nUPLOADFILENAME=\"/$BUILDNAME/$APPNAME.ipa\"\n# FTP地址\nHOST=\"xxx.xxx.x.xx\"\n# FTP账号\nUSERNAME=\"xxx\"\n# FTP密码\nPASSWORD=\"xxx\"\n# FTP路径\nHOSTFILEPATH=\"/xxx/xxx/xxx/\"\n\n# 每次构建都清理目录\nrm -rf $FILENAME\nmkdir -p $FILENAME\n\n# 测试包脚本\ncd $FILENAME\ntouch $BUILDNAME.command\nchmod +x $BUILDNAME.command\necho \"#!/bin/bash\" >> $BUILDNAME.command\necho 'cd `dirname $0`;' >> $BUILDNAME.command\necho \"mkdir Payload;\" >> $BUILDNAME.command\necho \"echo =============================打包中=============================;\" >> $BUILDNAME.command\necho \"${BUILT_PRODUCTS}\"\necho \"cp -rf $TARGET_APP_PATH Payload;\" >> $BUILDNAME.command\necho \"zip -r -q $APPNAME.ipa Payload;\" >> $BUILDNAME.command\necho \"rm -rf Payload;\" >> $BUILDNAME.command\necho \"echo =============================打包完成=============================;\" >> $BUILDNAME.command\necho \"exit;\" >> $BUILDNAME.command\n\n# 上传FTP脚本\ncd $FILENAME\ntouch $FTPNAME.command\nchmod +x $FTPNAME.command\necho \"#!/usr/bin/expect -f\" >> $FTPNAME.command\necho \"set uploadFileNameBefore $UPLOADFILENAMEBEFORE\" >> $FTPNAME.command\necho \"set uploadFileName $UPLOADFILENAME\" >> $FTPNAME.command\necho \"set host $HOST\" >> $FTPNAME.command\necho \"set username $USERNAME\" >> $FTPNAME.command\necho \"set password $PASSWORD\" >> $FTPNAME.command\necho \"spawn sftp $USERNAME@$HOST\" >> $FTPNAME.command\necho 'expect {\n        \"(yes/no)?\" {send \"yes\\r\"; exp_continue}\n        \"password:\" {send \"'$PASSWORD'\\r\"}\n    }' >> $FTPNAME.command\necho 'expect \"sftp>\"' >> $FTPNAME.command\necho 'send \"cd '$HOSTFILEPATH'\\r\"' >> $FTPNAME.command\necho 'expect \"sftp>\"' >> $FTPNAME.command\necho 'send \"put '$UPLOADFILENAMEBEFORE''$UPLOADFILENAME'\\r\"' >> $FTPNAME.command\necho 'expect \"sftp>\"' >> $FTPNAME.command\necho 'send \"bye\\r\"' >> $FTPNAME.command\necho \"expect eof\" >> $FTPNAME.command\n\n# 测试包并上FTP脚本\ncd $FILENAME\ntouch $BUILDWITHFTPNAME.command\nchmod +x $BUILDWITHFTPNAME.command\necho \"#!/bin/bash\" >> $BUILDWITHFTPNAME.command\necho 'cd `dirname $0`;' >> $BUILDWITHFTPNAME.command\necho \"mkdir Payload;\" >> $BUILDWITHFTPNAME.command\necho \"echo =============================打包中=============================;\" >> $BUILDWITHFTPNAME.command\necho \"${BUILT_PRODUCTS}\"\necho \"cp -rf $TARGET_APP_PATH Payload;\" >> $BUILDWITHFTPNAME.command\necho \"zip -r -q $APPNAME.ipa Payload;\" >> $BUILDWITHFTPNAME.command\necho \"rm -rf Payload;\" >> $BUILDWITHFTPNAME.command\necho \"echo =============================打包完成=============================;\" >> $BUILDWITHFTPNAME.command\necho \"open $UPLOADFILENAMEBEFORE/$FILENAME/$FTPNAME.command\" >> $BUILDWITHFTPNAME.command\necho \"exit;\" >> $BUILDWITHFTPNAME.command\n";
		};
/* End PBXShellScriptBuildPhase section */

/* Begin PBXSourcesBuildPhase section */
		AAAB3AA428534AE7004C4EA8 /* Sources */ = {
			isa = PBXSourcesBuildPhase;
			buildActionMask = 2147483647;
			files = (
				AAAB3AB028534AE7004C4EA8 /* ViewController.swift in Sources */,
				AABA8DA02864098D000923C4 /* SwiftSenior.swift in Sources */,
				AAAB3AAC28534AE7004C4EA8 /* AppDelegate.swift in Sources */,
				AAAB3AAE28534AE7004C4EA8 /* SceneDelegate.swift in Sources */,
				AAFEB53C286077C800DA1226 /* RootViewController.swift in Sources */,
				AAFEB538286061BC00DA1226 /* CGDTimer.swift in Sources */,
				AA4041AB286042B5008F1D34 /* Generic.swift in Sources */,
				AAFEB53A2860756000DA1226 /* TimerController.swift in Sources */,
			);
			runOnlyForDeploymentPostprocessing = 0;
		};
		AAAB3ABA28534AE8004C4EA8 /* Sources */ = {
			isa = PBXSourcesBuildPhase;
			buildActionMask = 2147483647;
			files = (
				AAAB3AC328534AE8004C4EA8 /* ___SwiftTests.swift in Sources */,
			);
			runOnlyForDeploymentPostprocessing = 0;
		};
		AAAB3AC428534AE8004C4EA8 /* Sources */ = {
			isa = PBXSourcesBuildPhase;
			buildActionMask = 2147483647;
			files = (
				AAAB3ACF28534AE8004C4EA8 /* ___SwiftUITestsLaunchTests.swift in Sources */,
				AAAB3ACD28534AE8004C4EA8 /* ___SwiftUITests.swift in Sources */,
			);
			runOnlyForDeploymentPostprocessing = 0;
		};
/* End PBXSourcesBuildPhase section */

/* Begin PBXTargetDependency section */
		AAAB3AC028534AE8004C4EA8 /* PBXTargetDependency */ = {
			isa = PBXTargetDependency;
			target = AAAB3AA728534AE7004C4EA8 /* 体系_Swift */;
			targetProxy = AAAB3ABF28534AE8004C4EA8 /* PBXContainerItemProxy */;
		};
		AAAB3ACA28534AE8004C4EA8 /* PBXTargetDependency */ = {
			isa = PBXTargetDependency;
			target = AAAB3AA728534AE7004C4EA8 /* 体系_Swift */;
			targetProxy = AAAB3AC928534AE8004C4EA8 /* PBXContainerItemProxy */;
		};
/* End PBXTargetDependency section */

/* Begin PBXVariantGroup section */
		AAAB3AB128534AE7004C4EA8 /* Main.storyboard */ = {
			isa = PBXVariantGroup;
			children = (
				AAAB3AB228534AE7004C4EA8 /* Base */,
			);
			name = Main.storyboard;
			sourceTree = "<group>";
		};
		AAAB3AB628534AE8004C4EA8 /* LaunchScreen.storyboard */ = {
			isa = PBXVariantGroup;
			children = (
				AAAB3AB728534AE8004C4EA8 /* Base */,
			);
			name = LaunchScreen.storyboard;
			sourceTree = "<group>";
		};
/* End PBXVariantGroup section */

/* Begin XCBuildConfiguration section */
		AAAB3AD028534AE8004C4EA8 /* Debug */ = {
			isa = XCBuildConfiguration;
			buildSettings = {
				ALWAYS_SEARCH_USER_PATHS = NO;
				CLANG_ANALYZER_NONNULL = YES;
				CLANG_ANALYZER_NUMBER_OBJECT_CONVERSION = YES_AGGRESSIVE;
				CLANG_CXX_LANGUAGE_STANDARD = "gnu++17";
				CLANG_ENABLE_MODULES = YES;
				CLANG_ENABLE_OBJC_ARC = YES;
				CLANG_ENABLE_OBJC_WEAK = YES;
				CLANG_WARN_BLOCK_CAPTURE_AUTORELEASING = YES;
				CLANG_WARN_BOOL_CONVERSION = YES;
				CLANG_WARN_COMMA = YES;
				CLANG_WARN_CONSTANT_CONVERSION = YES;
				CLANG_WARN_DEPRECATED_OBJC_IMPLEMENTATIONS = YES;
				CLANG_WARN_DIRECT_OBJC_ISA_USAGE = YES_ERROR;
				CLANG_WARN_DOCUMENTATION_COMMENTS = YES;
				CLANG_WARN_EMPTY_BODY = YES;
				CLANG_WARN_ENUM_CONVERSION = YES;
				CLANG_WARN_INFINITE_RECURSION = YES;
				CLANG_WARN_INT_CONVERSION = YES;
				CLANG_WARN_NON_LITERAL_NULL_CONVERSION = YES;
				CLANG_WARN_OBJC_IMPLICIT_RETAIN_SELF = YES;
				CLANG_WARN_OBJC_LITERAL_CONVERSION = YES;
				CLANG_WARN_OBJC_ROOT_CLASS = YES_ERROR;
				CLANG_WARN_QUOTED_INCLUDE_IN_FRAMEWORK_HEADER = YES;
				CLANG_WARN_RANGE_LOOP_ANALYSIS = YES;
				CLANG_WARN_STRICT_PROTOTYPES = YES;
				CLANG_WARN_SUSPICIOUS_MOVE = YES;
				CLANG_WARN_UNGUARDED_AVAILABILITY = YES_AGGRESSIVE;
				CLANG_WARN_UNREACHABLE_CODE = YES;
				CLANG_WARN__DUPLICATE_METHOD_MATCH = YES;
				COPY_PHASE_STRIP = NO;
				DEBUG_INFORMATION_FORMAT = dwarf;
				ENABLE_STRICT_OBJC_MSGSEND = YES;
				ENABLE_TESTABILITY = YES;
				GCC_C_LANGUAGE_STANDARD = gnu11;
				GCC_DYNAMIC_NO_PIC = NO;
				GCC_NO_COMMON_BLOCKS = YES;
				GCC_OPTIMIZATION_LEVEL = 0;
				GCC_PREPROCESSOR_DEFINITIONS = (
					"DEBUG=1",
					"$(inherited)",
				);
				GCC_WARN_64_TO_32_BIT_CONVERSION = YES;
				GCC_WARN_ABOUT_RETURN_TYPE = YES_ERROR;
				GCC_WARN_UNDECLARED_SELECTOR = YES;
				GCC_WARN_UNINITIALIZED_AUTOS = YES_AGGRESSIVE;
				GCC_WARN_UNUSED_FUNCTION = YES;
				GCC_WARN_UNUSED_VARIABLE = YES;
				IPHONEOS_DEPLOYMENT_TARGET = 15.5;
				MTL_ENABLE_DEBUG_INFO = INCLUDE_SOURCE;
				MTL_FAST_MATH = YES;
				ONLY_ACTIVE_ARCH = YES;
				SDKROOT = iphoneos;
				SWIFT_ACTIVE_COMPILATION_CONDITIONS = DEBUG;
				SWIFT_OPTIMIZATION_LEVEL = "-Onone";
			};
			name = Debug;
		};
		AAAB3AD128534AE8004C4EA8 /* Release */ = {
			isa = XCBuildConfiguration;
			buildSettings = {
				ALWAYS_SEARCH_USER_PATHS = NO;
				CLANG_ANALYZER_NONNULL = YES;
				CLANG_ANALYZER_NUMBER_OBJECT_CONVERSION = YES_AGGRESSIVE;
				CLANG_CXX_LANGUAGE_STANDARD = "gnu++17";
				CLANG_ENABLE_MODULES = YES;
				CLANG_ENABLE_OBJC_ARC = YES;
				CLANG_ENABLE_OBJC_WEAK = YES;
				CLANG_WARN_BLOCK_CAPTURE_AUTORELEASING = YES;
				CLANG_WARN_BOOL_CONVERSION = YES;
				CLANG_WARN_COMMA = YES;
				CLANG_WARN_CONSTANT_CONVERSION = YES;
				CLANG_WARN_DEPRECATED_OBJC_IMPLEMENTATIONS = YES;
				CLANG_WARN_DIRECT_OBJC_ISA_USAGE = YES_ERROR;
				CLANG_WARN_DOCUMENTATION_COMMENTS = YES;
				CLANG_WARN_EMPTY_BODY = YES;
				CLANG_WARN_ENUM_CONVERSION = YES;
				CLANG_WARN_INFINITE_RECURSION = YES;
				CLANG_WARN_INT_CONVERSION = YES;
				CLANG_WARN_NON_LITERAL_NULL_CONVERSION = YES;
				CLANG_WARN_OBJC_IMPLICIT_RETAIN_SELF = YES;
				CLANG_WARN_OBJC_LITERAL_CONVERSION = YES;
				CLANG_WARN_OBJC_ROOT_CLASS = YES_ERROR;
				CLANG_WARN_QUOTED_INCLUDE_IN_FRAMEWORK_HEADER = YES;
				CLANG_WARN_RANGE_LOOP_ANALYSIS = YES;
				CLANG_WARN_STRICT_PROTOTYPES = YES;
				CLANG_WARN_SUSPICIOUS_MOVE = YES;
				CLANG_WARN_UNGUARDED_AVAILABILITY = YES_AGGRESSIVE;
				CLANG_WARN_UNREACHABLE_CODE = YES;
				CLANG_WARN__DUPLICATE_METHOD_MATCH = YES;
				COPY_PHASE_STRIP = NO;
				DEBUG_INFORMATION_FORMAT = "dwarf-with-dsym";
				ENABLE_NS_ASSERTIONS = NO;
				ENABLE_STRICT_OBJC_MSGSEND = YES;
				GCC_C_LANGUAGE_STANDARD = gnu11;
				GCC_NO_COMMON_BLOCKS = YES;
				GCC_WARN_64_TO_32_BIT_CONVERSION = YES;
				GCC_WARN_ABOUT_RETURN_TYPE = YES_ERROR;
				GCC_WARN_UNDECLARED_SELECTOR = YES;
				GCC_WARN_UNINITIALIZED_AUTOS = YES_AGGRESSIVE;
				GCC_WARN_UNUSED_FUNCTION = YES;
				GCC_WARN_UNUSED_VARIABLE = YES;
				IPHONEOS_DEPLOYMENT_TARGET = 15.5;
				MTL_ENABLE_DEBUG_INFO = NO;
				MTL_FAST_MATH = YES;
				SDKROOT = iphoneos;
				SWIFT_COMPILATION_MODE = wholemodule;
				SWIFT_OPTIMIZATION_LEVEL = "-O";
				VALIDATE_PRODUCT = YES;
			};
			name = Release;
		};
		AAAB3AD328534AE8004C4EA8 /* Debug */ = {
			isa = XCBuildConfiguration;
			buildSettings = {
				ASSETCATALOG_COMPILER_APPICON_NAME = AppIcon;
				ASSETCATALOG_COMPILER_GLOBAL_ACCENT_COLOR_NAME = AccentColor;
				CODE_SIGN_STYLE = Automatic;
				CURRENT_PROJECT_VERSION = 1;
				GENERATE_INFOPLIST_FILE = YES;
				INFOPLIST_FILE = "体系_Swift/Info.plist";
				INFOPLIST_KEY_UIApplicationSupportsIndirectInputEvents = YES;
				INFOPLIST_KEY_UILaunchStoryboardName = LaunchScreen;
				INFOPLIST_KEY_UIMainStoryboardFile = Main;
				INFOPLIST_KEY_UISupportedInterfaceOrientations_iPad = "UIInterfaceOrientationPortrait UIInterfaceOrientationPortraitUpsideDown UIInterfaceOrientationLandscapeLeft UIInterfaceOrientationLandscapeRight";
				INFOPLIST_KEY_UISupportedInterfaceOrientations_iPhone = "UIInterfaceOrientationPortrait UIInterfaceOrientationLandscapeLeft UIInterfaceOrientationLandscapeRight";
				LD_RUNPATH_SEARCH_PATHS = (
					"$(inherited)",
					"@executable_path/Frameworks",
				);
				MARKETING_VERSION = 1.0;
				PRODUCT_BUNDLE_IDENTIFIER = "cn.hahn.Swift.---Swift";
				PRODUCT_NAME = "$(TARGET_NAME)";
				SWIFT_EMIT_LOC_STRINGS = YES;
				SWIFT_VERSION = 5.0;
				TARGETED_DEVICE_FAMILY = "1,2";
			};
			name = Debug;
		};
		AAAB3AD428534AE8004C4EA8 /* Release */ = {
			isa = XCBuildConfiguration;
			buildSettings = {
				ASSETCATALOG_COMPILER_APPICON_NAME = AppIcon;
				ASSETCATALOG_COMPILER_GLOBAL_ACCENT_COLOR_NAME = AccentColor;
				CODE_SIGN_STYLE = Automatic;
				CURRENT_PROJECT_VERSION = 1;
				GENERATE_INFOPLIST_FILE = YES;
				INFOPLIST_FILE = "体系_Swift/Info.plist";
				INFOPLIST_KEY_UIApplicationSupportsIndirectInputEvents = YES;
				INFOPLIST_KEY_UILaunchStoryboardName = LaunchScreen;
				INFOPLIST_KEY_UIMainStoryboardFile = Main;
				INFOPLIST_KEY_UISupportedInterfaceOrientations_iPad = "UIInterfaceOrientationPortrait UIInterfaceOrientationPortraitUpsideDown UIInterfaceOrientationLandscapeLeft UIInterfaceOrientationLandscapeRight";
				INFOPLIST_KEY_UISupportedInterfaceOrientations_iPhone = "UIInterfaceOrientationPortrait UIInterfaceOrientationLandscapeLeft UIInterfaceOrientationLandscapeRight";
				LD_RUNPATH_SEARCH_PATHS = (
					"$(inherited)",
					"@executable_path/Frameworks",
				);
				MARKETING_VERSION = 1.0;
				PRODUCT_BUNDLE_IDENTIFIER = "cn.hahn.Swift.---Swift";
				PRODUCT_NAME = "$(TARGET_NAME)";
				SWIFT_EMIT_LOC_STRINGS = YES;
				SWIFT_VERSION = 5.0;
				TARGETED_DEVICE_FAMILY = "1,2";
			};
			name = Release;
		};
		AAAB3AD628534AE8004C4EA8 /* Debug */ = {
			isa = XCBuildConfiguration;
			buildSettings = {
				ALWAYS_EMBED_SWIFT_STANDARD_LIBRARIES = YES;
				BUNDLE_LOADER = "$(TEST_HOST)";
				CODE_SIGN_STYLE = Automatic;
				CURRENT_PROJECT_VERSION = 1;
				GENERATE_INFOPLIST_FILE = YES;
				IPHONEOS_DEPLOYMENT_TARGET = 15.5;
				MARKETING_VERSION = 1.0;
				PRODUCT_BUNDLE_IDENTIFIER = "cn.hahn.Swift.---SwiftTests";
				PRODUCT_NAME = "$(TARGET_NAME)";
				SWIFT_EMIT_LOC_STRINGS = NO;
				SWIFT_VERSION = 5.0;
				TARGETED_DEVICE_FAMILY = "1,2";
				TEST_HOST = "$(BUILT_PRODUCTS_DIR)/体系_Swift.app/体系_Swift";
			};
			name = Debug;
		};
		AAAB3AD728534AE8004C4EA8 /* Release */ = {
			isa = XCBuildConfiguration;
			buildSettings = {
				ALWAYS_EMBED_SWIFT_STANDARD_LIBRARIES = YES;
				BUNDLE_LOADER = "$(TEST_HOST)";
				CODE_SIGN_STYLE = Automatic;
				CURRENT_PROJECT_VERSION = 1;
				GENERATE_INFOPLIST_FILE = YES;
				IPHONEOS_DEPLOYMENT_TARGET = 15.5;
				MARKETING_VERSION = 1.0;
				PRODUCT_BUNDLE_IDENTIFIER = "cn.hahn.Swift.---SwiftTests";
				PRODUCT_NAME = "$(TARGET_NAME)";
				SWIFT_EMIT_LOC_STRINGS = NO;
				SWIFT_VERSION = 5.0;
				TARGETED_DEVICE_FAMILY = "1,2";
				TEST_HOST = "$(BUILT_PRODUCTS_DIR)/体系_Swift.app/体系_Swift";
			};
			name = Release;
		};
		AAAB3AD928534AE8004C4EA8 /* Debug */ = {
			isa = XCBuildConfiguration;
			buildSettings = {
				ALWAYS_EMBED_SWIFT_STANDARD_LIBRARIES = YES;
				CODE_SIGN_STYLE = Automatic;
				CURRENT_PROJECT_VERSION = 1;
				GENERATE_INFOPLIST_FILE = YES;
				MARKETING_VERSION = 1.0;
				PRODUCT_BUNDLE_IDENTIFIER = "cn.hahn.Swift.---SwiftUITests";
				PRODUCT_NAME = "$(TARGET_NAME)";
				SWIFT_EMIT_LOC_STRINGS = NO;
				SWIFT_VERSION = 5.0;
				TARGETED_DEVICE_FAMILY = "1,2";
				TEST_TARGET_NAME = "体系_Swift";
			};
			name = Debug;
		};
		AAAB3ADA28534AE8004C4EA8 /* Release */ = {
			isa = XCBuildConfiguration;
			buildSettings = {
				ALWAYS_EMBED_SWIFT_STANDARD_LIBRARIES = YES;
				CODE_SIGN_STYLE = Automatic;
				CURRENT_PROJECT_VERSION = 1;
				GENERATE_INFOPLIST_FILE = YES;
				MARKETING_VERSION = 1.0;
				PRODUCT_BUNDLE_IDENTIFIER = "cn.hahn.Swift.---SwiftUITests";
				PRODUCT_NAME = "$(TARGET_NAME)";
				SWIFT_EMIT_LOC_STRINGS = NO;
				SWIFT_VERSION = 5.0;
				TARGETED_DEVICE_FAMILY = "1,2";
				TEST_TARGET_NAME = "体系_Swift";
			};
			name = Release;
		};
/* End XCBuildConfiguration section */

/* Begin XCConfigurationList section */
		AAAB3AA328534AE7004C4EA8 /* Build configuration list for PBXProject "体系_Swift" */ = {
			isa = XCConfigurationList;
			buildConfigurations = (
				AAAB3AD028534AE8004C4EA8 /* Debug */,
				AAAB3AD128534AE8004C4EA8 /* Release */,
			);
			defaultConfigurationIsVisible = 0;
			defaultConfigurationName = Release;
		};
		AAAB3AD228534AE8004C4EA8 /* Build configuration list for PBXNativeTarget "体系_Swift" */ = {
			isa = XCConfigurationList;
			buildConfigurations = (
				AAAB3AD328534AE8004C4EA8 /* Debug */,
				AAAB3AD428534AE8004C4EA8 /* Release */,
			);
			defaultConfigurationIsVisible = 0;
			defaultConfigurationName = Release;
		};
		AAAB3AD528534AE8004C4EA8 /* Build configuration list for PBXNativeTarget "体系_SwiftTests" */ = {
			isa = XCConfigurationList;
			buildConfigurations = (
				AAAB3AD628534AE8004C4EA8 /* Debug */,
				AAAB3AD728534AE8004C4EA8 /* Release */,
			);
			defaultConfigurationIsVisible = 0;
			defaultConfigurationName = Release;
		};
		AAAB3AD828534AE8004C4EA8 /* Build configuration list for PBXNativeTarget "体系_SwiftUITests" */ = {
			isa = XCConfigurationList;
			buildConfigurations = (
				AAAB3AD928534AE8004C4EA8 /* Debug */,
				AAAB3ADA28534AE8004C4EA8 /* Release */,
			);
			defaultConfigurationIsVisible = 0;
			defaultConfigurationName = Release;
		};
/* End XCConfigurationList section */
	};
	rootObject = AAAB3AA028534AE7004C4EA8 /* Project object */;
}
