// !$*UTF8*$!
{
	archiveVersion = 1;
	classes = {
	};
	objectVersion = 55;
	objects = {

/* Begin PBXBuildFile section */
		06B83C4B6CCE9EF86AB8121C /* Pods_StudyOC.framework in Frameworks */ = {isa = PBXBuildFile; fileRef = 84916A6AB96468EEBA3D0921 /* Pods_StudyOC.framework */; };
		07CC116AD6FF4082CB18FC24 /* Pods_MainExtension.framework in Frameworks */ = {isa = PBXBuildFile; fileRef = E591D301ECF8FD7505E62929 /* Pods_MainExtension.framework */; };
		AA00G0F2YXV4826Y523MU946 /* AppDelegate.m in Sources */ = {isa = PBXBuildFile; fileRef = AAVI21Z0R1969GF4R6N8V523 /* AppDelegate.m */; };
		AA03Z2IS10470WK2XQ232TM4 /* main.m in Sources */ = {isa = PBXBuildFile; fileRef = AA720661X799410866ND01ZO /* main.m */; };
		AA098AA22866B03400192637 /* WidgetKit.framework in Frameworks */ = {isa = PBXBuildFile; fileRef = AA6M7E12564098O112M5G206 /* WidgetKit.framework */; };
		AA098AA32866B03400192637 /* SwiftUI.framework in Frameworks */ = {isa = PBXBuildFile; fileRef = AAI756U16N062170M08T8702 /* SwiftUI.framework */; };
		AA098AA62866B03400192637 /* Main.swift in Sources */ = {isa = PBXBuildFile; fileRef = AA098AA52866B03400192637 /* Main.swift */; };
		AA098AA82866B03500192637 /* Assets.xcassets in Resources */ = {isa = PBXBuildFile; fileRef = AA098AA72866B03500192637 /* Assets.xcassets */; };
		AA098AAC2866B03500192637 /* MainExtension.appex in Embed App Extensions */ = {isa = PBXBuildFile; fileRef = AA098AA12866B03400192637 /* MainExtension.appex */; settings = {ATTRIBUTES = (RemoveHeadersOnCopy, ); }; };
		AA098AC32866B0E100192637 /* Edit.intentdefinition in Sources */ = {isa = PBXBuildFile; fileRef = AA098AB52866B0E100192637 /* Edit.intentdefinition */; };
		AA098AC52866B0E100192637 /* NetWorkData.intentdefinition in Sources */ = {isa = PBXBuildFile; fileRef = AA098AB72866B0E100192637 /* NetWorkData.intentdefinition */; };
		AA098AC62866B0E100192637 /* NetWorkImage.intentdefinition in Sources */ = {isa = PBXBuildFile; fileRef = AA098AB82866B0E100192637 /* NetWorkImage.intentdefinition */; };
		AA098AC82866B0E100192637 /* AppData.intentdefinition in Sources */ = {isa = PBXBuildFile; fileRef = AA098ABA2866B0E100192637 /* AppData.intentdefinition */; };
		AA098AD22866B15B00192637 /* WidgetController.m in Sources */ = {isa = PBXBuildFile; fileRef = AA098AD12866B15B00192637 /* WidgetController.m */; };
		AA098AD32866B20D00192637 /* WidgetImageLoader.swift in Sources */ = {isa = PBXBuildFile; fileRef = AA098ABC2866B0E100192637 /* WidgetImageLoader.swift */; };
		AA098AD42866B21000192637 /* NetworkManager.swift in Sources */ = {isa = PBXBuildFile; fileRef = AA098ABD2866B0E100192637 /* NetworkManager.swift */; };
		AA098AD52866B21300192637 /* ZModel.swift in Sources */ = {isa = PBXBuildFile; fileRef = AA098ABE2866B0E100192637 /* ZModel.swift */; };
		AA098AD62866B21600192637 /* API.swift in Sources */ = {isa = PBXBuildFile; fileRef = AA098ABF2866B0E100192637 /* API.swift */; };
		AA098AD72866B21800192637 /* MoyaConfig.swift in Sources */ = {isa = PBXBuildFile; fileRef = AA098AC02866B0E100192637 /* MoyaConfig.swift */; };
		AA098AD82866B21C00192637 /* AppData.swift in Sources */ = {isa = PBXBuildFile; fileRef = AA098AB32866B0E100192637 /* AppData.swift */; };
		AA098AD92866B21F00192637 /* NetWorkData.swift in Sources */ = {isa = PBXBuildFile; fileRef = AA098AB42866B0E100192637 /* NetWorkData.swift */; };
		AA098ADA2866B22600192637 /* AppData.intentdefinition in Sources */ = {isa = PBXBuildFile; fileRef = AA098ABA2866B0E100192637 /* AppData.intentdefinition */; };
		AA098ADB2866B22A00192637 /* Edit.intentdefinition in Sources */ = {isa = PBXBuildFile; fileRef = AA098AB52866B0E100192637 /* Edit.intentdefinition */; };
		AA098ADC2866B22C00192637 /* Edit.swift in Sources */ = {isa = PBXBuildFile; fileRef = AA098AB92866B0E100192637 /* Edit.swift */; };
		AA098ADD2866B23100192637 /* NetWorkData.intentdefinition in Sources */ = {isa = PBXBuildFile; fileRef = AA098AB72866B0E100192637 /* NetWorkData.intentdefinition */; };
		AA098ADE2866B23500192637 /* NetWorkImage.intentdefinition in Sources */ = {isa = PBXBuildFile; fileRef = AA098AB82866B0E100192637 /* NetWorkImage.intentdefinition */; };
		AA098ADF2866B23800192637 /* NetWorkImage.swift in Sources */ = {isa = PBXBuildFile; fileRef = AA098AB62866B0E100192637 /* NetWorkImage.swift */; };
		AA098AE22866B2B900192637 /* WidgetKitManager.swift in Sources */ = {isa = PBXBuildFile; fileRef = AA098AE12866B2B900192637 /* WidgetKitManager.swift */; };
		AA1646P10B795V43Z2ZK6041 /* ViewController.m in Sources */ = {isa = PBXBuildFile; fileRef = AA9L087W9I66230A110PU3J4 /* ViewController.m */; };
		AA1V7J190D6F436W640XO585 /* LaunchScreen.storyboard in Resources */ = {isa = PBXBuildFile; fileRef = AAE35IW43ZY5NK8K19G6637S /* LaunchScreen.storyboard */; };
		AA5965W66854K72T6H254SQ6 /* RootController.m in Sources */ = {isa = PBXBuildFile; fileRef = AA7Q488NPU4163US56E7P699 /* RootController.m */; };
		AA6000E52890E23C00D51936 /* MemoryController.m in Sources */ = {isa = PBXBuildFile; fileRef = AA6000E42890E23C00D51936 /* MemoryController.m */; };
		AA625L8B011X156265J95M40 /* Main.storyboard in Resources */ = {isa = PBXBuildFile; fileRef = AAO29G1619B48505324OB6A3 /* Main.storyboard */; };
		AA6GU35C7C8293701676YPLF /* SceneDelegate.m in Sources */ = {isa = PBXBuildFile; fileRef = AA7257N2Y2H1546I9SCJ0878 /* SceneDelegate.m */; };
		AA6YS1M3I5734545C040AO68 /* TimerController.m in Sources */ = {isa = PBXBuildFile; fileRef = AA92E55L016G95549386L3VQ /* TimerController.m */; };
		AA915D727580G14T9M1568LB /* GCDTimer.m in Sources */ = {isa = PBXBuildFile; fileRef = AA25C8W527532S5121HG1719 /* GCDTimer.m */; };
		AAC2318529349ECA0080BE02 /* LiveActivityViewController.m in Sources */ = {isa = PBXBuildFile; fileRef = AAC2318429349ECA0080BE02 /* LiveActivityViewController.m */; };
		AAC231872934A1ED0080BE02 /* LiveActivity.swift in Sources */ = {isa = PBXBuildFile; fileRef = AAC231862934A1ED0080BE02 /* LiveActivity.swift */; };
		AAC231882934A1F60080BE02 /* LiveActivity.swift in Sources */ = {isa = PBXBuildFile; fileRef = AAC231862934A1ED0080BE02 /* LiveActivity.swift */; };
		AAC2318D2934AA060080BE02 /* LiveActivityUtils.swift in Sources */ = {isa = PBXBuildFile; fileRef = AAC2318C2934AA060080BE02 /* LiveActivityUtils.swift */; };
		AAD95A83288A9E0500766570 /* BaseController.m in Sources */ = {isa = PBXBuildFile; fileRef = AAD95A82288A9E0500766570 /* BaseController.m */; };
		AAD95A86288A9E6C00766570 /* BaseModel.m in Sources */ = {isa = PBXBuildFile; fileRef = AAD95A85288A9E6C00766570 /* BaseModel.m */; };
		AAD95A89288AA01F00766570 /* BaseController+Category.m in Sources */ = {isa = PBXBuildFile; fileRef = AAD95A88288AA01F00766570 /* BaseController+Category.m */; };
		AAE2BA62289775380022BF97 /* RunTimeController.m in Sources */ = {isa = PBXBuildFile; fileRef = AAE2BA61289775380022BF97 /* RunTimeController.m */; };
		AAP50P226J61O3658802913A /* PersonModel+Category.m in Sources */ = {isa = PBXBuildFile; fileRef = AA99836M323RM18617W87AK6 /* PersonModel+Category.m */; };
		AAY1L4A38Q91P01F44C5192K /* PersonModel.m in Sources */ = {isa = PBXBuildFile; fileRef = AAV0N8JB395BY71N23I16K52 /* PersonModel.m */; };
		AAZ061M7D4H3C0M5F7JZ5006 /* Assets.xcassets in Resources */ = {isa = PBXBuildFile; fileRef = AA2PEP74UE21KO10ET325997 /* Assets.xcassets */; };
/* End PBXBuildFile section */

/* Begin PBXContainerItemProxy section */
		AA098AAA2866B03500192637 /* PBXContainerItemProxy */ = {
			isa = PBXContainerItemProxy;
			containerPortal = AA590V26MT75IT2689C3V84K /* Project object */;
			proxyType = 1;
			remoteGlobalIDString = AA098AA02866B03400192637;
			remoteInfo = MainExtension;
		};
/* End PBXContainerItemProxy section */

/* Begin PBXCopyFilesBuildPhase section */
		AAC27IS11EK1126S8J6XG531 /* Embed App Extensions */ = {
			isa = PBXCopyFilesBuildPhase;
			buildActionMask = 2147483647;
			dstPath = "";
			dstSubfolderSpec = 13;
			files = (
				AA098AAC2866B03500192637 /* MainExtension.appex in Embed App Extensions */,
			);
			name = "Embed App Extensions";
			runOnlyForDeploymentPostprocessing = 0;
		};
/* End PBXCopyFilesBuildPhase section */

/* Begin PBXFileReference section */
		308E1384C5374FAD00DD7505 /* Pods-MainExtension.release.xcconfig */ = {isa = PBXFileReference; includeInIndex = 1; lastKnownFileType = text.xcconfig; name = "Pods-MainExtension.release.xcconfig"; path = "Target Support Files/Pods-MainExtension/Pods-MainExtension.release.xcconfig"; sourceTree = "<group>"; };
		38B6CA9EEEBF9399B668ADAE /* Pods-StudyOC.release.xcconfig */ = {isa = PBXFileReference; includeInIndex = 1; lastKnownFileType = text.xcconfig; name = "Pods-StudyOC.release.xcconfig"; path = "Target Support Files/Pods-StudyOC/Pods-StudyOC.release.xcconfig"; sourceTree = "<group>"; };
		6AA6A9ABD53B6279E903AA61 /* Pods-MainExtension.debug.xcconfig */ = {isa = PBXFileReference; includeInIndex = 1; lastKnownFileType = text.xcconfig; name = "Pods-MainExtension.debug.xcconfig"; path = "Target Support Files/Pods-MainExtension/Pods-MainExtension.debug.xcconfig"; sourceTree = "<group>"; };
		77B77CA89E6435DDFBBFCA58 /* Pods-StudyOC.debug.xcconfig */ = {isa = PBXFileReference; includeInIndex = 1; lastKnownFileType = text.xcconfig; name = "Pods-StudyOC.debug.xcconfig"; path = "Target Support Files/Pods-StudyOC/Pods-StudyOC.debug.xcconfig"; sourceTree = "<group>"; };
		84916A6AB96468EEBA3D0921 /* Pods_StudyOC.framework */ = {isa = PBXFileReference; explicitFileType = wrapper.framework; includeInIndex = 0; path = Pods_StudyOC.framework; sourceTree = BUILT_PRODUCTS_DIR; };
		AA07LL05X79120F0177TFFN0 /* RootController.h */ = {isa = PBXFileReference; lastKnownFileType = sourcecode.c.h; path = RootController.h; sourceTree = "<group>"; };
		AA098AA12866B03400192637 /* MainExtension.appex */ = {isa = PBXFileReference; explicitFileType = "wrapper.app-extension"; includeInIndex = 0; path = MainExtension.appex; sourceTree = BUILT_PRODUCTS_DIR; };
		AA098AA52866B03400192637 /* Main.swift */ = {isa = PBXFileReference; lastKnownFileType = sourcecode.swift; path = Main.swift; sourceTree = "<group>"; };
		AA098AA72866B03500192637 /* Assets.xcassets */ = {isa = PBXFileReference; lastKnownFileType = folder.assetcatalog; path = Assets.xcassets; sourceTree = "<group>"; };
		AA098AA92866B03500192637 /* Info.plist */ = {isa = PBXFileReference; lastKnownFileType = text.plist.xml; path = Info.plist; sourceTree = "<group>"; };
		AA098AB32866B0E100192637 /* AppData.swift */ = {isa = PBXFileReference; fileEncoding = 4; lastKnownFileType = sourcecode.swift; path = AppData.swift; sourceTree = "<group>"; };
		AA098AB42866B0E100192637 /* NetWorkData.swift */ = {isa = PBXFileReference; fileEncoding = 4; lastKnownFileType = sourcecode.swift; path = NetWorkData.swift; sourceTree = "<group>"; };
		AA098AB52866B0E100192637 /* Edit.intentdefinition */ = {isa = PBXFileReference; fileEncoding = 4; lastKnownFileType = file.intentdefinition; path = Edit.intentdefinition; sourceTree = "<group>"; };
		AA098AB62866B0E100192637 /* NetWorkImage.swift */ = {isa = PBXFileReference; fileEncoding = 4; lastKnownFileType = sourcecode.swift; path = NetWorkImage.swift; sourceTree = "<group>"; };
		AA098AB72866B0E100192637 /* NetWorkData.intentdefinition */ = {isa = PBXFileReference; fileEncoding = 4; lastKnownFileType = file.intentdefinition; path = NetWorkData.intentdefinition; sourceTree = "<group>"; };
		AA098AB82866B0E100192637 /* NetWorkImage.intentdefinition */ = {isa = PBXFileReference; fileEncoding = 4; lastKnownFileType = file.intentdefinition; path = NetWorkImage.intentdefinition; sourceTree = "<group>"; };
		AA098AB92866B0E100192637 /* Edit.swift */ = {isa = PBXFileReference; fileEncoding = 4; lastKnownFileType = sourcecode.swift; path = Edit.swift; sourceTree = "<group>"; };
		AA098ABA2866B0E100192637 /* AppData.intentdefinition */ = {isa = PBXFileReference; fileEncoding = 4; lastKnownFileType = file.intentdefinition; path = AppData.intentdefinition; sourceTree = "<group>"; };
		AA098ABC2866B0E100192637 /* WidgetImageLoader.swift */ = {isa = PBXFileReference; fileEncoding = 4; lastKnownFileType = sourcecode.swift; path = WidgetImageLoader.swift; sourceTree = "<group>"; };
		AA098ABD2866B0E100192637 /* NetworkManager.swift */ = {isa = PBXFileReference; fileEncoding = 4; lastKnownFileType = sourcecode.swift; path = NetworkManager.swift; sourceTree = "<group>"; };
		AA098ABE2866B0E100192637 /* ZModel.swift */ = {isa = PBXFileReference; fileEncoding = 4; lastKnownFileType = sourcecode.swift; path = ZModel.swift; sourceTree = "<group>"; };
		AA098ABF2866B0E100192637 /* API.swift */ = {isa = PBXFileReference; fileEncoding = 4; lastKnownFileType = sourcecode.swift; path = API.swift; sourceTree = "<group>"; };
		AA098AC02866B0E100192637 /* MoyaConfig.swift */ = {isa = PBXFileReference; fileEncoding = 4; lastKnownFileType = sourcecode.swift; path = MoyaConfig.swift; sourceTree = "<group>"; };
		AA098ACE2866B12000192637 /* MainExtension.entitlements */ = {isa = PBXFileReference; lastKnownFileType = text.plist.entitlements; path = MainExtension.entitlements; sourceTree = "<group>"; };
		AA098AD02866B15B00192637 /* WidgetController.h */ = {isa = PBXFileReference; lastKnownFileType = sourcecode.c.h; path = WidgetController.h; sourceTree = "<group>"; };
		AA098AD12866B15B00192637 /* WidgetController.m */ = {isa = PBXFileReference; lastKnownFileType = sourcecode.c.objc; path = WidgetController.m; sourceTree = "<group>"; };
		AA098AE02866B2B800192637 /* StudyOC-Bridging-Header.h */ = {isa = PBXFileReference; lastKnownFileType = sourcecode.c.h; path = "StudyOC-Bridging-Header.h"; sourceTree = "<group>"; };
		AA098AE12866B2B900192637 /* WidgetKitManager.swift */ = {isa = PBXFileReference; lastKnownFileType = sourcecode.swift; path = WidgetKitManager.swift; sourceTree = "<group>"; };
		AA2023MT147412R1T7M1WBD3 /* PersonModel+Ex.h */ = {isa = PBXFileReference; lastKnownFileType = sourcecode.c.h; path = "PersonModel+Ex.h"; sourceTree = "<group>"; };
		AA25C8W527532S5121HG1719 /* GCDTimer.m */ = {isa = PBXFileReference; lastKnownFileType = sourcecode.c.objc; path = GCDTimer.m; sourceTree = "<group>"; };
		AA2907852AT927H15521WG90 /* Base */ = {isa = PBXFileReference; lastKnownFileType = file.storyboard; name = Base; path = Base.lproj/Main.storyboard; sourceTree = "<group>"; };
		AA2PEP74UE21KO10ET325997 /* Assets.xcassets */ = {isa = PBXFileReference; lastKnownFileType = folder.assetcatalog; path = Assets.xcassets; sourceTree = "<group>"; };
		AA3N04237606C8E4Q92CPV4N /* AppDelegate.h */ = {isa = PBXFileReference; lastKnownFileType = sourcecode.c.h; path = AppDelegate.h; sourceTree = "<group>"; };
		AA43AR559M61MCS14P2I230G /* GCDTimer.h */ = {isa = PBXFileReference; lastKnownFileType = sourcecode.c.h; path = GCDTimer.h; sourceTree = "<group>"; };
		AA6000E32890E23C00D51936 /* MemoryController.h */ = {isa = PBXFileReference; lastKnownFileType = sourcecode.c.h; path = MemoryController.h; sourceTree = "<group>"; };
		AA6000E42890E23C00D51936 /* MemoryController.m */ = {isa = PBXFileReference; lastKnownFileType = sourcecode.c.objc; path = MemoryController.m; sourceTree = "<group>"; };
		AA6M7E12564098O112M5G206 /* WidgetKit.framework */ = {isa = PBXFileReference; lastKnownFileType = wrapper.framework; name = WidgetKit.framework; path = System/Library/Frameworks/WidgetKit.framework; sourceTree = SDKROOT; };
		AA720661X799410866ND01ZO /* main.m */ = {isa = PBXFileReference; lastKnownFileType = sourcecode.c.objc; path = main.m; sourceTree = "<group>"; };
		AA7257N2Y2H1546I9SCJ0878 /* SceneDelegate.m */ = {isa = PBXFileReference; lastKnownFileType = sourcecode.c.objc; path = SceneDelegate.m; sourceTree = "<group>"; };
		AA7Q488NPU4163US56E7P699 /* RootController.m */ = {isa = PBXFileReference; lastKnownFileType = sourcecode.c.objc; path = RootController.m; sourceTree = "<group>"; };
		AA850L3F08H219P6AST3R52A /* Info.plist */ = {isa = PBXFileReference; lastKnownFileType = text.plist.xml; path = Info.plist; sourceTree = "<group>"; };
		AA8F2FAD2866AFDB002C4719 /* StudyOC.entitlements */ = {isa = PBXFileReference; fileEncoding = 4; lastKnownFileType = text.plist.entitlements; name = StudyOC.entitlements; path = ../../StudySwiftUI/StudySwiftUI/StudyOC.entitlements; sourceTree = "<group>"; };
		AA92E55L016G95549386L3VQ /* TimerController.m */ = {isa = PBXFileReference; lastKnownFileType = sourcecode.c.objc; path = TimerController.m; sourceTree = "<group>"; };
		AA99836M323RM18617W87AK6 /* PersonModel+Category.m */ = {isa = PBXFileReference; lastKnownFileType = sourcecode.c.objc; path = "PersonModel+Category.m"; sourceTree = "<group>"; };
		AA9F4744QIQ5765N4842D0K1 /* PersonModel+Category.h */ = {isa = PBXFileReference; lastKnownFileType = sourcecode.c.h; path = "PersonModel+Category.h"; sourceTree = "<group>"; };
		AA9L087W9I66230A110PU3J4 /* ViewController.m */ = {isa = PBXFileReference; lastKnownFileType = sourcecode.c.objc; path = ViewController.m; sourceTree = "<group>"; };
		AAC2318329349ECA0080BE02 /* LiveActivityViewController.h */ = {isa = PBXFileReference; lastKnownFileType = sourcecode.c.h; path = LiveActivityViewController.h; sourceTree = "<group>"; };
		AAC2318429349ECA0080BE02 /* LiveActivityViewController.m */ = {isa = PBXFileReference; lastKnownFileType = sourcecode.c.objc; path = LiveActivityViewController.m; sourceTree = "<group>"; };
		AAC231862934A1ED0080BE02 /* LiveActivity.swift */ = {isa = PBXFileReference; fileEncoding = 4; lastKnownFileType = sourcecode.swift; path = LiveActivity.swift; sourceTree = "<group>"; };
		AAC2318C2934AA060080BE02 /* LiveActivityUtils.swift */ = {isa = PBXFileReference; lastKnownFileType = sourcecode.swift; path = LiveActivityUtils.swift; sourceTree = "<group>"; };
		AAD95A81288A9E0500766570 /* BaseController.h */ = {isa = PBXFileReference; lastKnownFileType = sourcecode.c.h; path = BaseController.h; sourceTree = "<group>"; };
		AAD95A82288A9E0500766570 /* BaseController.m */ = {isa = PBXFileReference; lastKnownFileType = sourcecode.c.objc; path = BaseController.m; sourceTree = "<group>"; };
		AAD95A84288A9E6C00766570 /* BaseModel.h */ = {isa = PBXFileReference; lastKnownFileType = sourcecode.c.h; path = BaseModel.h; sourceTree = "<group>"; };
		AAD95A85288A9E6C00766570 /* BaseModel.m */ = {isa = PBXFileReference; lastKnownFileType = sourcecode.c.objc; path = BaseModel.m; sourceTree = "<group>"; };
		AAD95A87288AA01F00766570 /* BaseController+Category.h */ = {isa = PBXFileReference; lastKnownFileType = sourcecode.c.h; path = "BaseController+Category.h"; sourceTree = "<group>"; };
		AAD95A88288AA01F00766570 /* BaseController+Category.m */ = {isa = PBXFileReference; lastKnownFileType = sourcecode.c.objc; path = "BaseController+Category.m"; sourceTree = "<group>"; };
		AAE2BA60289775380022BF97 /* RunTimeController.h */ = {isa = PBXFileReference; lastKnownFileType = sourcecode.c.h; path = RunTimeController.h; sourceTree = "<group>"; };
		AAE2BA61289775380022BF97 /* RunTimeController.m */ = {isa = PBXFileReference; lastKnownFileType = sourcecode.c.objc; path = RunTimeController.m; sourceTree = "<group>"; };
		AAI756U16N062170M08T8702 /* SwiftUI.framework */ = {isa = PBXFileReference; lastKnownFileType = wrapper.framework; name = SwiftUI.framework; path = System/Library/Frameworks/SwiftUI.framework; sourceTree = SDKROOT; };
		AAN4214AT92039X307D9YQM0 /* PersonModel.h */ = {isa = PBXFileReference; lastKnownFileType = sourcecode.c.h; path = PersonModel.h; sourceTree = "<group>"; };
		AAO6P0D1211092H8834B1MY4 /* SceneDelegate.h */ = {isa = PBXFileReference; lastKnownFileType = sourcecode.c.h; path = SceneDelegate.h; sourceTree = "<group>"; };
		AAP2M22T7660619CB538UP00 /* TimerController.h */ = {isa = PBXFileReference; lastKnownFileType = sourcecode.c.h; path = TimerController.h; sourceTree = "<group>"; };
		AAUSOX765785N0RL81L897AH /* Base */ = {isa = PBXFileReference; lastKnownFileType = file.storyboard; name = Base; path = Base.lproj/LaunchScreen.storyboard; sourceTree = "<group>"; };
		AAV0N8JB395BY71N23I16K52 /* PersonModel.m */ = {isa = PBXFileReference; lastKnownFileType = sourcecode.c.objc; path = PersonModel.m; sourceTree = "<group>"; };
		AAVI21Z0R1969GF4R6N8V523 /* AppDelegate.m */ = {isa = PBXFileReference; lastKnownFileType = sourcecode.c.objc; path = AppDelegate.m; sourceTree = "<group>"; };
		AAW17G1ZUO2B4753T68H1372 /* ViewController.h */ = {isa = PBXFileReference; lastKnownFileType = sourcecode.c.h; path = ViewController.h; sourceTree = "<group>"; };
		AAYDJ6YNI73Q550P82173Q9F /* StudyOC.app */ = {isa = PBXFileReference; explicitFileType = wrapper.application; includeInIndex = 0; path = StudyOC.app; sourceTree = BUILT_PRODUCTS_DIR; };
		E591D301ECF8FD7505E62929 /* Pods_MainExtension.framework */ = {isa = PBXFileReference; explicitFileType = wrapper.framework; includeInIndex = 0; path = Pods_MainExtension.framework; sourceTree = BUILT_PRODUCTS_DIR; };
/* End PBXFileReference section */

/* Begin PBXFrameworksBuildPhase section */
		AA098A9E2866B03400192637 /* Frameworks */ = {
			isa = PBXFrameworksBuildPhase;
			buildActionMask = 2147483647;
			files = (
				AA098AA32866B03400192637 /* SwiftUI.framework in Frameworks */,
				AA098AA22866B03400192637 /* WidgetKit.framework in Frameworks */,
				07CC116AD6FF4082CB18FC24 /* Pods_MainExtension.framework in Frameworks */,
			);
			runOnlyForDeploymentPostprocessing = 0;
		};
		AA29H6941948T5000P5M7BV5 /* Frameworks */ = {
			isa = PBXFrameworksBuildPhase;
			buildActionMask = 2147483647;
			files = (
				06B83C4B6CCE9EF86AB8121C /* Pods_StudyOC.framework in Frameworks */,
			);
			runOnlyForDeploymentPostprocessing = 0;
		};
/* End PBXFrameworksBuildPhase section */

/* Begin PBXGroup section */
		AA098AA42866B03400192637 /* Main */ = {
			isa = PBXGroup;
			children = (
				AA098ABB2866B0E100192637 /* Net */,
				AA098AB22866B0E100192637 /* Widget */,
				AA098AA52866B03400192637 /* Main.swift */,
				AA098AA72866B03500192637 /* Assets.xcassets */,
				AA098AA92866B03500192637 /* Info.plist */,
			);
			path = Main;
			sourceTree = "<group>";
		};
		AA098AB22866B0E100192637 /* Widget */ = {
			isa = PBXGroup;
			children = (
				AA098ABA2866B0E100192637 /* AppData.intentdefinition */,
				AA098AB32866B0E100192637 /* AppData.swift */,
				AA098AB52866B0E100192637 /* Edit.intentdefinition */,
				AA098AB92866B0E100192637 /* Edit.swift */,
				AA098AB72866B0E100192637 /* NetWorkData.intentdefinition */,
				AA098AB42866B0E100192637 /* NetWorkData.swift */,
				AA098AB82866B0E100192637 /* NetWorkImage.intentdefinition */,
				AA098AB62866B0E100192637 /* NetWorkImage.swift */,
				AAC231862934A1ED0080BE02 /* LiveActivity.swift */,
			);
			name = Widget;
			path = ../../StudySwiftUI/Main/Widget;
			sourceTree = "<group>";
		};
		AA098ABB2866B0E100192637 /* Net */ = {
			isa = PBXGroup;
			children = (
				AA098ABC2866B0E100192637 /* WidgetImageLoader.swift */,
				AA098ABD2866B0E100192637 /* NetworkManager.swift */,
				AA098ABE2866B0E100192637 /* ZModel.swift */,
				AA098ABF2866B0E100192637 /* API.swift */,
				AA098AC02866B0E100192637 /* MoyaConfig.swift */,
			);
			name = Net;
			path = ../../StudySwiftUI/Main/Net;
			sourceTree = "<group>";
		};
		AA098ACF2866B13900192637 /* 小组件 */ = {
			isa = PBXGroup;
			children = (
				AA098AD02866B15B00192637 /* WidgetController.h */,
				AA098AD12866B15B00192637 /* WidgetController.m */,
			);
			path = "小组件";
			sourceTree = "<group>";
		};
		AA3C21994MPQ1K12G78F4F79 /* Frameworks */ = {
			isa = PBXGroup;
			children = (
				AA6M7E12564098O112M5G206 /* WidgetKit.framework */,
				AAI756U16N062170M08T8702 /* SwiftUI.framework */,
				E591D301ECF8FD7505E62929 /* Pods_MainExtension.framework */,
				84916A6AB96468EEBA3D0921 /* Pods_StudyOC.framework */,
			);
			name = Frameworks;
			sourceTree = "<group>";
		};
		AA427644953VJ1091030H236 /* Products */ = {
			isa = PBXGroup;
			children = (
				AAYDJ6YNI73Q550P82173Q9F /* StudyOC.app */,
				AA098AA12866B03400192637 /* MainExtension.appex */,
			);
			name = Products;
			sourceTree = "<group>";
		};
		AA49U34O522581F981463S11 /* 分类和扩展 */ = {
			isa = PBXGroup;
			children = (
				AA9F4744QIQ5765N4842D0K1 /* PersonModel+Category.h */,
				AA99836M323RM18617W87AK6 /* PersonModel+Category.m */,
				AAN4214AT92039X307D9YQM0 /* PersonModel.h */,
				AAV0N8JB395BY71N23I16K52 /* PersonModel.m */,
				AAD95A87288AA01F00766570 /* BaseController+Category.h */,
				AAD95A88288AA01F00766570 /* BaseController+Category.m */,
				AA2023MT147412R1T7M1WBD3 /* PersonModel+Ex.h */,
			);
			path = "分类和扩展";
			sourceTree = "<group>";
		};
		AA6000DA2890E1A400D51936 /* 内存管理 */ = {
			isa = PBXGroup;
			children = (
				AA6000E32890E23C00D51936 /* MemoryController.h */,
				AA6000E42890E23C00D51936 /* MemoryController.m */,
			);
			path = "内存管理";
			sourceTree = "<group>";
		};
		AA628EUOK14B46RS52QK4029 /* StudyOC */ = {
			isa = PBXGroup;
			children = (
				AA8F2FAD2866AFDB002C4719 /* StudyOC.entitlements */,
				AA3N04237606C8E4Q92CPV4N /* AppDelegate.h */,
				AAVI21Z0R1969GF4R6N8V523 /* AppDelegate.m */,
				AAO6P0D1211092H8834B1MY4 /* SceneDelegate.h */,
				AA7257N2Y2H1546I9SCJ0878 /* SceneDelegate.m */,
				AAW17G1ZUO2B4753T68H1372 /* ViewController.h */,
				AA9L087W9I66230A110PU3J4 /* ViewController.m */,
				AA07LL05X79120F0177TFFN0 /* RootController.h */,
				AA7Q488NPU4163US56E7P699 /* RootController.m */,
				AAD95A7E288A9DDD00766570 /* Base */,
				AA098ACF2866B13900192637 /* 小组件 */,
				AA49U34O522581F981463S11 /* 分类和扩展 */,
				AA73WHT46I5DY3F350052U06 /* CGD定时器 */,
				AA6000DA2890E1A400D51936 /* 内存管理 */,
				AAE2BA5F289767180022BF97 /* runtime */,
				AAC2318229349E970080BE02 /* 灵动岛 */,
				AAO29G1619B48505324OB6A3 /* Main.storyboard */,
				AA2PEP74UE21KO10ET325997 /* Assets.xcassets */,
				AAE35IW43ZY5NK8K19G6637S /* LaunchScreen.storyboard */,
				AA850L3F08H219P6AST3R52A /* Info.plist */,
				AA720661X799410866ND01ZO /* main.m */,
				AA098AE12866B2B900192637 /* WidgetKitManager.swift */,
				AAC2318C2934AA060080BE02 /* LiveActivityUtils.swift */,
				AA098AE02866B2B800192637 /* StudyOC-Bridging-Header.h */,
			);
			path = StudyOC;
			sourceTree = "<group>";
		};
		AA73WHT46I5DY3F350052U06 /* CGD定时器 */ = {
			isa = PBXGroup;
			children = (
				AA43AR559M61MCS14P2I230G /* GCDTimer.h */,
				AA25C8W527532S5121HG1719 /* GCDTimer.m */,
				AAP2M22T7660619CB538UP00 /* TimerController.h */,
				AA92E55L016G95549386L3VQ /* TimerController.m */,
			);
			path = "CGD定时器";
			sourceTree = "<group>";
		};
		AAC1K60W2S273540TS9U8610 = {
			isa = PBXGroup;
			children = (
				AA098ACE2866B12000192637 /* MainExtension.entitlements */,
				AA628EUOK14B46RS52QK4029 /* StudyOC */,
				AA098AA42866B03400192637 /* Main */,
				AA3C21994MPQ1K12G78F4F79 /* Frameworks */,
				AA427644953VJ1091030H236 /* Products */,
				C3A26E3BD8B4504FDA0FC82A /* Pods */,
			);
			sourceTree = "<group>";
		};
		AAC2318229349E970080BE02 /* 灵动岛 */ = {
			isa = PBXGroup;
			children = (
				AAC2318329349ECA0080BE02 /* LiveActivityViewController.h */,
				AAC2318429349ECA0080BE02 /* LiveActivityViewController.m */,
			);
			path = "灵动岛";
			sourceTree = "<group>";
		};
		AAD95A7E288A9DDD00766570 /* Base */ = {
			isa = PBXGroup;
			children = (
				AAD95A81288A9E0500766570 /* BaseController.h */,
				AAD95A82288A9E0500766570 /* BaseController.m */,
				AAD95A84288A9E6C00766570 /* BaseModel.h */,
				AAD95A85288A9E6C00766570 /* BaseModel.m */,
			);
			path = Base;
			sourceTree = "<group>";
		};
		AAE2BA5F289767180022BF97 /* runtime */ = {
			isa = PBXGroup;
			children = (
				AAE2BA60289775380022BF97 /* RunTimeController.h */,
				AAE2BA61289775380022BF97 /* RunTimeController.m */,
			);
			path = runtime;
			sourceTree = "<group>";
		};
		C3A26E3BD8B4504FDA0FC82A /* Pods */ = {
			isa = PBXGroup;
			children = (
				6AA6A9ABD53B6279E903AA61 /* Pods-MainExtension.debug.xcconfig */,
				308E1384C5374FAD00DD7505 /* Pods-MainExtension.release.xcconfig */,
				77B77CA89E6435DDFBBFCA58 /* Pods-StudyOC.debug.xcconfig */,
				38B6CA9EEEBF9399B668ADAE /* Pods-StudyOC.release.xcconfig */,
			);
			path = Pods;
			sourceTree = "<group>";
		};
/* End PBXGroup section */

/* Begin PBXNativeTarget section */
		AA098AA02866B03400192637 /* MainExtension */ = {
			isa = PBXNativeTarget;
			buildConfigurationList = AA098AAD2866B03500192637 /* Build configuration list for PBXNativeTarget "MainExtension" */;
			buildPhases = (
				64A31F8FAE55244BB35CC424 /* [CP] Check Pods Manifest.lock */,
				AA098A9D2866B03400192637 /* Sources */,
				AA098A9E2866B03400192637 /* Frameworks */,
				AA098A9F2866B03400192637 /* Resources */,
			);
			buildRules = (
			);
			dependencies = (
			);
			name = MainExtension;
			productName = MainExtension;
			productReference = AA098AA12866B03400192637 /* MainExtension.appex */;
			productType = "com.apple.product-type.app-extension";
		};
		AAOP54EAC5267C9K1J108C74 /* StudyOC */ = {
			isa = PBXNativeTarget;
			buildConfigurationList = AA8VY870NI5OU3397Y9IW6K0 /* Build configuration list for PBXNativeTarget "StudyOC" */;
			buildPhases = (
				BF794DD920E5A3568FE33787 /* [CP] Check Pods Manifest.lock */,
				AAE3941SB013M350931NO670 /* Sources */,
				AA29H6941948T5000P5M7BV5 /* Frameworks */,
				AA3EL774Y5TP81404I010R68 /* Resources */,
				AA524P46A1TD81B2LVKZ2796 /* ShellScript */,
				AAC27IS11EK1126S8J6XG531 /* Embed App Extensions */,
				99F7CE9A9AA918A72E581465 /* [CP] Embed Pods Frameworks */,
			);
			buildRules = (
			);
			dependencies = (
				AA098AAB2866B03500192637 /* PBXTargetDependency */,
			);
			name = StudyOC;
			productName = StudyOC;
			productReference = AAYDJ6YNI73Q550P82173Q9F /* StudyOC.app */;
			productType = "com.apple.product-type.application";
		};
/* End PBXNativeTarget section */

/* Begin PBXProject section */
		AA590V26MT75IT2689C3V84K /* Project object */ = {
			isa = PBXProject;
			attributes = {
				BuildIndependentTargetsInParallel = 1;
				LastSwiftUpdateCheck = 1340;
				LastUpgradeCheck = 1340;
				TargetAttributes = {
					AA098AA02866B03400192637 = {
						CreatedOnToolsVersion = 13.4.1;
					};
					AAOP54EAC5267C9K1J108C74 = {
						CreatedOnToolsVersion = 13.4.1;
						LastSwiftMigration = 1340;
					};
				};
			};
			buildConfigurationList = AAU4O42076248AY43H4J9619 /* Build configuration list for PBXProject "StudyOC" */;
			compatibilityVersion = "Xcode 13.0";
			developmentRegion = en;
			hasScannedForEncodings = 0;
			knownRegions = (
				en,
				Base,
			);
			mainGroup = AAC1K60W2S273540TS9U8610;
			productRefGroup = AA427644953VJ1091030H236 /* Products */;
			projectDirPath = "";
			projectRoot = "";
			targets = (
				AAOP54EAC5267C9K1J108C74 /* StudyOC */,
				AA098AA02866B03400192637 /* MainExtension */,
			);
		};
/* End PBXProject section */

/* Begin PBXResourcesBuildPhase section */
		AA098A9F2866B03400192637 /* Resources */ = {
			isa = PBXResourcesBuildPhase;
			buildActionMask = 2147483647;
			files = (
				AA098AA82866B03500192637 /* Assets.xcassets in Resources */,
			);
			runOnlyForDeploymentPostprocessing = 0;
		};
		AA3EL774Y5TP81404I010R68 /* Resources */ = {
			isa = PBXResourcesBuildPhase;
			buildActionMask = 2147483647;
			files = (
				AA1V7J190D6F436W640XO585 /* LaunchScreen.storyboard in Resources */,
				AAZ061M7D4H3C0M5F7JZ5006 /* Assets.xcassets in Resources */,
				AA625L8B011X156265J95M40 /* Main.storyboard in Resources */,
			);
			runOnlyForDeploymentPostprocessing = 0;
		};
/* End PBXResourcesBuildPhase section */

/* Begin PBXShellScriptBuildPhase section */
		64A31F8FAE55244BB35CC424 /* [CP] Check Pods Manifest.lock */ = {
			isa = PBXShellScriptBuildPhase;
			buildActionMask = 2147483647;
			files = (
			);
			inputFileListPaths = (
			);
			inputPaths = (
				"${PODS_PODFILE_DIR_PATH}/Podfile.lock",
				"${PODS_ROOT}/Manifest.lock",
			);
			name = "[CP] Check Pods Manifest.lock";
			outputFileListPaths = (
			);
			outputPaths = (
				"$(DERIVED_FILE_DIR)/Pods-MainExtension-checkManifestLockResult.txt",
			);
			runOnlyForDeploymentPostprocessing = 0;
			shellPath = /bin/sh;
			shellScript = "diff \"${PODS_PODFILE_DIR_PATH}/Podfile.lock\" \"${PODS_ROOT}/Manifest.lock\" > /dev/null\nif [ $? != 0 ] ; then\n    # print error to STDERR\n    echo \"error: The sandbox is not in sync with the Podfile.lock. Run 'pod install' or update your CocoaPods installation.\" >&2\n    exit 1\nfi\n# This output is used by Xcode 'outputs' to avoid re-running this script phase.\necho \"SUCCESS\" > \"${SCRIPT_OUTPUT_FILE_0}\"\n";
			showEnvVarsInLog = 0;
		};
		99F7CE9A9AA918A72E581465 /* [CP] Embed Pods Frameworks */ = {
			isa = PBXShellScriptBuildPhase;
			buildActionMask = 2147483647;
			files = (
			);
			inputFileListPaths = (
				"${PODS_ROOT}/Target Support Files/Pods-StudyOC/Pods-StudyOC-frameworks-${CONFIGURATION}-input-files.xcfilelist",
			);
			name = "[CP] Embed Pods Frameworks";
			outputFileListPaths = (
				"${PODS_ROOT}/Target Support Files/Pods-StudyOC/Pods-StudyOC-frameworks-${CONFIGURATION}-output-files.xcfilelist",
			);
			runOnlyForDeploymentPostprocessing = 0;
			shellPath = /bin/sh;
			shellScript = "\"${PODS_ROOT}/Target Support Files/Pods-StudyOC/Pods-StudyOC-frameworks.sh\"\n";
			showEnvVarsInLog = 0;
		};
		AA524P46A1TD81B2LVKZ2796 /* ShellScript */ = {
			isa = PBXShellScriptBuildPhase;
			buildActionMask = 2147483647;
			files = (
			);
			inputFileListPaths = (
			);
			inputPaths = (
			);
			outputFileListPaths = (
			);
			outputPaths = (
			);
			runOnlyForDeploymentPostprocessing = 0;
			shellPath = /bin/sh;
			shellScript = "# Type a script or drag a script file from your workspace to insert its path.\n\n# 文件夹名称\nFILENAME=\"IpaBuild\"\n\n# 测试包脚本名字\nBUILDNAME=\"ipaBuild\"\n# 上传FTP脚本名字\nFTPNAME=\"ipaUpload\"\n# 测试包并上FTP脚本名字\nBUILDWITHFTPNAME=\"ipaBuildAndUpload\"\n\n# 项目构建目录\nPRODUCTS_PATH=\"${BUILT_PRODUCTS_DIR}\"\n# 项目目录\nTARGET_APP_PATH=\"$PRODUCTS_PATH/${TARGET_NAME}.app\"\n# 打包项目名字\n#APPNAME=\"${TARGET_NAME}\"\nAPPNAME=\"appstore\"\n\n# FTP上传-项目根目录\nUPLOADFILENAMEBEFORE=\"${SRCROOT}\"\n# FTP上传-包\nUPLOADFILENAME=\"/$BUILDNAME/$APPNAME.ipa\"\n# FTP地址\nHOST=\"xxx.xxx.x.xx\"\n# FTP账号\nUSERNAME=\"xxx\"\n# FTP密码\nPASSWORD=\"xxx\"\n# FTP路径\nHOSTFILEPATH=\"/xxx/xxx/xxx/\"\n\n# 每次构建都清理目录\nrm -rf $FILENAME\nmkdir -p $FILENAME\n\n# 测试包脚本\ncd $FILENAME\ntouch $BUILDNAME.command\nchmod +x $BUILDNAME.command\necho \"#!/bin/bash\" >> $BUILDNAME.command\necho 'cd `dirname $0`;' >> $BUILDNAME.command\necho \"mkdir Payload;\" >> $BUILDNAME.command\necho \"echo =============================打包中=============================;\" >> $BUILDNAME.command\necho \"${BUILT_PRODUCTS}\"\necho \"cp -rf $TARGET_APP_PATH Payload;\" >> $BUILDNAME.command\necho \"zip -r -q $APPNAME.ipa Payload;\" >> $BUILDNAME.command\necho \"rm -rf Payload;\" >> $BUILDNAME.command\necho \"echo =============================打包完成=============================;\" >> $BUILDNAME.command\necho \"exit;\" >> $BUILDNAME.command\n\n# 上传FTP脚本\ncd $FILENAME\ntouch $FTPNAME.command\nchmod +x $FTPNAME.command\necho \"#!/usr/bin/expect -f\" >> $FTPNAME.command\necho \"set uploadFileNameBefore $UPLOADFILENAMEBEFORE\" >> $FTPNAME.command\necho \"set uploadFileName $UPLOADFILENAME\" >> $FTPNAME.command\necho \"set host $HOST\" >> $FTPNAME.command\necho \"set username $USERNAME\" >> $FTPNAME.command\necho \"set password $PASSWORD\" >> $FTPNAME.command\necho \"spawn sftp $USERNAME@$HOST\" >> $FTPNAME.command\necho 'expect {\n        \"(yes/no)?\" {send \"yes\\r\"; exp_continue}\n        \"password:\" {send \"'$PASSWORD'\\r\"}\n    }' >> $FTPNAME.command\necho 'expect \"sftp>\"' >> $FTPNAME.command\necho 'send \"cd '$HOSTFILEPATH'\\r\"' >> $FTPNAME.command\necho 'expect \"sftp>\"' >> $FTPNAME.command\necho 'send \"put '$UPLOADFILENAMEBEFORE''$UPLOADFILENAME'\\r\"' >> $FTPNAME.command\necho 'expect \"sftp>\"' >> $FTPNAME.command\necho 'send \"bye\\r\"' >> $FTPNAME.command\necho \"expect eof\" >> $FTPNAME.command\n\n# 测试包并上FTP脚本\ncd $FILENAME\ntouch $BUILDWITHFTPNAME.command\nchmod +x $BUILDWITHFTPNAME.command\necho \"#!/bin/bash\" >> $BUILDWITHFTPNAME.command\necho 'cd `dirname $0`;' >> $BUILDWITHFTPNAME.command\necho \"mkdir Payload;\" >> $BUILDWITHFTPNAME.command\necho \"echo =============================打包中=============================;\" >> $BUILDWITHFTPNAME.command\necho \"${BUILT_PRODUCTS}\"\necho \"cp -rf $TARGET_APP_PATH Payload;\" >> $BUILDWITHFTPNAME.command\necho \"zip -r -q $APPNAME.ipa Payload;\" >> $BUILDWITHFTPNAME.command\necho \"rm -rf Payload;\" >> $BUILDWITHFTPNAME.command\necho \"echo =============================打包完成=============================;\" >> $BUILDWITHFTPNAME.command\necho \"open $UPLOADFILENAMEBEFORE/$FILENAME/$FTPNAME.command\" >> $BUILDWITHFTPNAME.command\necho \"exit;\" >> $BUILDWITHFTPNAME.command\n";
		};
		BF794DD920E5A3568FE33787 /* [CP] Check Pods Manifest.lock */ = {
			isa = PBXShellScriptBuildPhase;
			buildActionMask = 2147483647;
			files = (
			);
			inputFileListPaths = (
			);
			inputPaths = (
				"${PODS_PODFILE_DIR_PATH}/Podfile.lock",
				"${PODS_ROOT}/Manifest.lock",
			);
			name = "[CP] Check Pods Manifest.lock";
			outputFileListPaths = (
			);
			outputPaths = (
				"$(DERIVED_FILE_DIR)/Pods-StudyOC-checkManifestLockResult.txt",
			);
			runOnlyForDeploymentPostprocessing = 0;
			shellPath = /bin/sh;
			shellScript = "diff \"${PODS_PODFILE_DIR_PATH}/Podfile.lock\" \"${PODS_ROOT}/Manifest.lock\" > /dev/null\nif [ $? != 0 ] ; then\n    # print error to STDERR\n    echo \"error: The sandbox is not in sync with the Podfile.lock. Run 'pod install' or update your CocoaPods installation.\" >&2\n    exit 1\nfi\n# This output is used by Xcode 'outputs' to avoid re-running this script phase.\necho \"SUCCESS\" > \"${SCRIPT_OUTPUT_FILE_0}\"\n";
			showEnvVarsInLog = 0;
		};
/* End PBXShellScriptBuildPhase section */

/* Begin PBXSourcesBuildPhase section */
		AA098A9D2866B03400192637 /* Sources */ = {
			isa = PBXSourcesBuildPhase;
			buildActionMask = 2147483647;
			files = (
				AA098AD92866B21F00192637 /* NetWorkData.swift in Sources */,
				AA098ADC2866B22C00192637 /* Edit.swift in Sources */,
				AA098AD42866B21000192637 /* NetworkManager.swift in Sources */,
				AA098ADB2866B22A00192637 /* Edit.intentdefinition in Sources */,
				AAC231882934A1F60080BE02 /* LiveActivity.swift in Sources */,
				AA098AD32866B20D00192637 /* WidgetImageLoader.swift in Sources */,
				AA098ADD2866B23100192637 /* NetWorkData.intentdefinition in Sources */,
				AA098ADA2866B22600192637 /* AppData.intentdefinition in Sources */,
				AA098ADE2866B23500192637 /* NetWorkImage.intentdefinition in Sources */,
				AA098AD52866B21300192637 /* ZModel.swift in Sources */,
				AA098AD72866B21800192637 /* MoyaConfig.swift in Sources */,
				AA098AA62866B03400192637 /* Main.swift in Sources */,
				AA098AD62866B21600192637 /* API.swift in Sources */,
				AA098ADF2866B23800192637 /* NetWorkImage.swift in Sources */,
				AA098AD82866B21C00192637 /* AppData.swift in Sources */,
			);
			runOnlyForDeploymentPostprocessing = 0;
		};
		AAE3941SB013M350931NO670 /* Sources */ = {
			isa = PBXSourcesBuildPhase;
			buildActionMask = 2147483647;
			files = (
				AAD95A86288A9E6C00766570 /* BaseModel.m in Sources */,
				AA098AC32866B0E100192637 /* Edit.intentdefinition in Sources */,
				AAE2BA62289775380022BF97 /* RunTimeController.m in Sources */,
				AA098AC52866B0E100192637 /* NetWorkData.intentdefinition in Sources */,
				AAC2318529349ECA0080BE02 /* LiveActivityViewController.m in Sources */,
				AA098AC62866B0E100192637 /* NetWorkImage.intentdefinition in Sources */,
				AAP50P226J61O3658802913A /* PersonModel+Category.m in Sources */,
				AAY1L4A38Q91P01F44C5192K /* PersonModel.m in Sources */,
				AA915D727580G14T9M1568LB /* GCDTimer.m in Sources */,
				AA1646P10B795V43Z2ZK6041 /* ViewController.m in Sources */,
				AAC2318D2934AA060080BE02 /* LiveActivityUtils.swift in Sources */,
				AAC231872934A1ED0080BE02 /* LiveActivity.swift in Sources */,
				AA098AE22866B2B900192637 /* WidgetKitManager.swift in Sources */,
				AA6YS1M3I5734545C040AO68 /* TimerController.m in Sources */,
				AA6000E52890E23C00D51936 /* MemoryController.m in Sources */,
				AA098AD22866B15B00192637 /* WidgetController.m in Sources */,
				AA00G0F2YXV4826Y523MU946 /* AppDelegate.m in Sources */,
				AA098AC82866B0E100192637 /* AppData.intentdefinition in Sources */,
				AAD95A83288A9E0500766570 /* BaseController.m in Sources */,
				AA03Z2IS10470WK2XQ232TM4 /* main.m in Sources */,
				AA6GU35C7C8293701676YPLF /* SceneDelegate.m in Sources */,
				AAD95A89288AA01F00766570 /* BaseController+Category.m in Sources */,
				AA5965W66854K72T6H254SQ6 /* RootController.m in Sources */,
			);
			runOnlyForDeploymentPostprocessing = 0;
		};
/* End PBXSourcesBuildPhase section */

/* Begin PBXTargetDependency section */
		AA098AAB2866B03500192637 /* PBXTargetDependency */ = {
			isa = PBXTargetDependency;
			target = AA098AA02866B03400192637 /* MainExtension */;
			targetProxy = AA098AAA2866B03500192637 /* PBXContainerItemProxy */;
		};
/* End PBXTargetDependency section */

/* Begin PBXVariantGroup section */
		AAE35IW43ZY5NK8K19G6637S /* LaunchScreen.storyboard */ = {
			isa = PBXVariantGroup;
			children = (
				AAUSOX765785N0RL81L897AH /* Base */,
			);
			name = LaunchScreen.storyboard;
			sourceTree = "<group>";
		};
		AAO29G1619B48505324OB6A3 /* Main.storyboard */ = {
			isa = PBXVariantGroup;
			children = (
				AA2907852AT927H15521WG90 /* Base */,
			);
			name = Main.storyboard;
			sourceTree = "<group>";
		};
/* End PBXVariantGroup section */

/* Begin XCBuildConfiguration section */
		AA098AAE2866B03500192637 /* Debug */ = {
			isa = XCBuildConfiguration;
			baseConfigurationReference = 6AA6A9ABD53B6279E903AA61 /* Pods-MainExtension.debug.xcconfig */;
			buildSettings = {
				ASSETCATALOG_COMPILER_GLOBAL_ACCENT_COLOR_NAME = AccentColor;
				ASSETCATALOG_COMPILER_WIDGET_BACKGROUND_COLOR_NAME = WidgetBackground;
				CODE_SIGN_ENTITLEMENTS = MainExtension.entitlements;
				CODE_SIGN_STYLE = Automatic;
				CURRENT_PROJECT_VERSION = 1;
				DEVELOPMENT_TEAM = XZ8P5P5Y4C;
				GENERATE_INFOPLIST_FILE = YES;
				INFOPLIST_FILE = Main/Info.plist;
				INFOPLIST_KEY_CFBundleDisplayName = Main;
				INFOPLIST_KEY_NSHumanReadableCopyright = "";
				INFOPLIST_KEY_NSSupportsLiveActivities = YES;
				IPHONEOS_DEPLOYMENT_TARGET = 14.0;
				LD_RUNPATH_SEARCH_PATHS = (
					"$(inherited)",
					"@executable_path/Frameworks",
					"@executable_path/../../Frameworks",
				);
				MARKETING_VERSION = 1.0;
				PRODUCT_BUNDLE_IDENTIFIER = cn.hahn.study.Main;
				PRODUCT_NAME = "$(TARGET_NAME)";
				SKIP_INSTALL = YES;
				SWIFT_ACTIVE_COMPILATION_CONDITIONS = DEBUG;
				SWIFT_EMIT_LOC_STRINGS = YES;
				SWIFT_OPTIMIZATION_LEVEL = "-Onone";
				SWIFT_VERSION = 5.0;
				TARGETED_DEVICE_FAMILY = "1,2";
			};
			name = Debug;
		};
		AA098AAF2866B03500192637 /* Release */ = {
			isa = XCBuildConfiguration;
			baseConfigurationReference = 308E1384C5374FAD00DD7505 /* Pods-MainExtension.release.xcconfig */;
			buildSettings = {
				ASSETCATALOG_COMPILER_GLOBAL_ACCENT_COLOR_NAME = AccentColor;
				ASSETCATALOG_COMPILER_WIDGET_BACKGROUND_COLOR_NAME = WidgetBackground;
				CODE_SIGN_ENTITLEMENTS = MainExtension.entitlements;
				CODE_SIGN_STYLE = Automatic;
				CURRENT_PROJECT_VERSION = 1;
				DEVELOPMENT_TEAM = XZ8P5P5Y4C;
				GENERATE_INFOPLIST_FILE = YES;
				INFOPLIST_FILE = Main/Info.plist;
				INFOPLIST_KEY_CFBundleDisplayName = Main;
				INFOPLIST_KEY_NSHumanReadableCopyright = "";
				INFOPLIST_KEY_NSSupportsLiveActivities = YES;
				IPHONEOS_DEPLOYMENT_TARGET = 14.0;
				LD_RUNPATH_SEARCH_PATHS = (
					"$(inherited)",
					"@executable_path/Frameworks",
					"@executable_path/../../Frameworks",
				);
				MARKETING_VERSION = 1.0;
				PRODUCT_BUNDLE_IDENTIFIER = cn.hahn.study.Main;
				PRODUCT_NAME = "$(TARGET_NAME)";
				SKIP_INSTALL = YES;
				SWIFT_COMPILATION_MODE = wholemodule;
				SWIFT_EMIT_LOC_STRINGS = YES;
				SWIFT_OPTIMIZATION_LEVEL = "-O";
				SWIFT_VERSION = 5.0;
				TARGETED_DEVICE_FAMILY = "1,2";
			};
			name = Release;
		};
		AA1V50T1076K6627406Y82S5 /* Debug */ = {
			isa = XCBuildConfiguration;
			baseConfigurationReference = 77B77CA89E6435DDFBBFCA58 /* Pods-StudyOC.debug.xcconfig */;
			buildSettings = {
				ALWAYS_EMBED_SWIFT_STANDARD_LIBRARIES = YES;
				ASSETCATALOG_COMPILER_APPICON_NAME = AppIcon;
				ASSETCATALOG_COMPILER_GLOBAL_ACCENT_COLOR_NAME = AccentColor;
				CLANG_ENABLE_MODULES = YES;
				CODE_SIGN_ENTITLEMENTS = StudyOC/StudyOC.entitlements;
				CODE_SIGN_STYLE = Automatic;
				CURRENT_PROJECT_VERSION = 1;
				DEVELOPMENT_TEAM = XZ8P5P5Y4C;
				GENERATE_INFOPLIST_FILE = YES;
				INFOPLIST_FILE = StudyOC/Info.plist;
				INFOPLIST_KEY_NSSupportsLiveActivities = YES;
				INFOPLIST_KEY_UIApplicationSupportsIndirectInputEvents = YES;
				INFOPLIST_KEY_UILaunchStoryboardName = LaunchScreen;
				INFOPLIST_KEY_UIMainStoryboardFile = Main;
				INFOPLIST_KEY_UISupportedInterfaceOrientations_iPad = "UIInterfaceOrientationPortrait UIInterfaceOrientationPortraitUpsideDown UIInterfaceOrientationLandscapeLeft UIInterfaceOrientationLandscapeRight";
				INFOPLIST_KEY_UISupportedInterfaceOrientations_iPhone = "UIInterfaceOrientationPortrait UIInterfaceOrientationLandscapeLeft UIInterfaceOrientationLandscapeRight";
				IPHONEOS_DEPLOYMENT_TARGET = 14.0;
				LD_RUNPATH_SEARCH_PATHS = (
					"$(inherited)",
					"@executable_path/Frameworks",
				);
				MARKETING_VERSION = 1.0;
				PRODUCT_BUNDLE_IDENTIFIER = cn.hahn.study;
				PRODUCT_NAME = "$(TARGET_NAME)";
				SWIFT_EMIT_LOC_STRINGS = YES;
				SWIFT_OBJC_BRIDGING_HEADER = "StudyOC/StudyOC-Bridging-Header.h";
				SWIFT_OPTIMIZATION_LEVEL = "-Onone";
				SWIFT_VERSION = 5.0;
				TARGETED_DEVICE_FAMILY = "1,2";
			};
			name = Debug;
		};
		AA305M134L32L28187857578 /* Release */ = {
			isa = XCBuildConfiguration;
			buildSettings = {
				ALWAYS_SEARCH_USER_PATHS = NO;
				CLANG_ANALYZER_NONNULL = YES;
				CLANG_ANALYZER_NUMBER_OBJECT_CONVERSION = YES_AGGRESSIVE;
				CLANG_CXX_LANGUAGE_STANDARD = "gnu++17";
				CLANG_ENABLE_MODULES = YES;
				CLANG_ENABLE_OBJC_ARC = YES;
				CLANG_ENABLE_OBJC_WEAK = YES;
				CLANG_WARN_BLOCK_CAPTURE_AUTORELEASING = YES;
				CLANG_WARN_BOOL_CONVERSION = YES;
				CLANG_WARN_COMMA = YES;
				CLANG_WARN_CONSTANT_CONVERSION = YES;
				CLANG_WARN_DEPRECATED_OBJC_IMPLEMENTATIONS = YES;
				CLANG_WARN_DIRECT_OBJC_ISA_USAGE = YES_ERROR;
				CLANG_WARN_DOCUMENTATION_COMMENTS = YES;
				CLANG_WARN_EMPTY_BODY = YES;
				CLANG_WARN_ENUM_CONVERSION = YES;
				CLANG_WARN_INFINITE_RECURSION = YES;
				CLANG_WARN_INT_CONVERSION = YES;
				CLANG_WARN_NON_LITERAL_NULL_CONVERSION = YES;
				CLANG_WARN_OBJC_IMPLICIT_RETAIN_SELF = YES;
				CLANG_WARN_OBJC_LITERAL_CONVERSION = YES;
				CLANG_WARN_OBJC_ROOT_CLASS = YES_ERROR;
				CLANG_WARN_QUOTED_INCLUDE_IN_FRAMEWORK_HEADER = YES;
				CLANG_WARN_RANGE_LOOP_ANALYSIS = YES;
				CLANG_WARN_STRICT_PROTOTYPES = YES;
				CLANG_WARN_SUSPICIOUS_MOVE = YES;
				CLANG_WARN_UNGUARDED_AVAILABILITY = YES_AGGRESSIVE;
				CLANG_WARN_UNREACHABLE_CODE = YES;
				CLANG_WARN__DUPLICATE_METHOD_MATCH = YES;
				COPY_PHASE_STRIP = NO;
				DEBUG_INFORMATION_FORMAT = "dwarf-with-dsym";
				ENABLE_NS_ASSERTIONS = NO;
				ENABLE_STRICT_OBJC_MSGSEND = YES;
				GCC_C_LANGUAGE_STANDARD = gnu11;
				GCC_NO_COMMON_BLOCKS = YES;
				GCC_WARN_64_TO_32_BIT_CONVERSION = YES;
				GCC_WARN_ABOUT_RETURN_TYPE = YES_ERROR;
				GCC_WARN_UNDECLARED_SELECTOR = YES;
				GCC_WARN_UNINITIALIZED_AUTOS = YES_AGGRESSIVE;
				GCC_WARN_UNUSED_FUNCTION = YES;
				GCC_WARN_UNUSED_VARIABLE = YES;
				IPHONEOS_DEPLOYMENT_TARGET = 15.5;
				MTL_ENABLE_DEBUG_INFO = NO;
				MTL_FAST_MATH = YES;
				SDKROOT = iphoneos;
				VALIDATE_PRODUCT = YES;
			};
			name = Release;
		};
		AA74I05770009W3150U322W8 /* Release */ = {
			isa = XCBuildConfiguration;
			baseConfigurationReference = 38B6CA9EEEBF9399B668ADAE /* Pods-StudyOC.release.xcconfig */;
			buildSettings = {
				ALWAYS_EMBED_SWIFT_STANDARD_LIBRARIES = YES;
				ASSETCATALOG_COMPILER_APPICON_NAME = AppIcon;
				ASSETCATALOG_COMPILER_GLOBAL_ACCENT_COLOR_NAME = AccentColor;
				CLANG_ENABLE_MODULES = YES;
				CODE_SIGN_ENTITLEMENTS = StudyOC/StudyOC.entitlements;
				CODE_SIGN_STYLE = Automatic;
				CURRENT_PROJECT_VERSION = 1;
				DEVELOPMENT_TEAM = XZ8P5P5Y4C;
				GENERATE_INFOPLIST_FILE = YES;
				INFOPLIST_FILE = StudyOC/Info.plist;
				INFOPLIST_KEY_NSSupportsLiveActivities = YES;
				INFOPLIST_KEY_UIApplicationSupportsIndirectInputEvents = YES;
				INFOPLIST_KEY_UILaunchStoryboardName = LaunchScreen;
				INFOPLIST_KEY_UIMainStoryboardFile = Main;
				INFOPLIST_KEY_UISupportedInterfaceOrientations_iPad = "UIInterfaceOrientationPortrait UIInterfaceOrientationPortraitUpsideDown UIInterfaceOrientationLandscapeLeft UIInterfaceOrientationLandscapeRight";
				INFOPLIST_KEY_UISupportedInterfaceOrientations_iPhone = "UIInterfaceOrientationPortrait UIInterfaceOrientationLandscapeLeft UIInterfaceOrientationLandscapeRight";
				IPHONEOS_DEPLOYMENT_TARGET = 14.0;
				LD_RUNPATH_SEARCH_PATHS = (
					"$(inherited)",
					"@executable_path/Frameworks",
				);
				MARKETING_VERSION = 1.0;
				PRODUCT_BUNDLE_IDENTIFIER = cn.hahn.study;
				PRODUCT_NAME = "$(TARGET_NAME)";
				SWIFT_EMIT_LOC_STRINGS = YES;
				SWIFT_OBJC_BRIDGING_HEADER = "StudyOC/StudyOC-Bridging-Header.h";
				SWIFT_VERSION = 5.0;
				TARGETED_DEVICE_FAMILY = "1,2";
			};
			name = Release;
		};
		AAO7225ZX1FPI6UW5A535H31 /* Debug */ = {
			isa = XCBuildConfiguration;
			buildSettings = {
				ALWAYS_SEARCH_USER_PATHS = NO;
				CLANG_ANALYZER_NONNULL = YES;
				CLANG_ANALYZER_NUMBER_OBJECT_CONVERSION = YES_AGGRESSIVE;
				CLANG_CXX_LANGUAGE_STANDARD = "gnu++17";
				CLANG_ENABLE_MODULES = YES;
				CLANG_ENABLE_OBJC_ARC = YES;
				CLANG_ENABLE_OBJC_WEAK = YES;
				CLANG_WARN_BLOCK_CAPTURE_AUTORELEASING = YES;
				CLANG_WARN_BOOL_CONVERSION = YES;
				CLANG_WARN_COMMA = YES;
				CLANG_WARN_CONSTANT_CONVERSION = YES;
				CLANG_WARN_DEPRECATED_OBJC_IMPLEMENTATIONS = YES;
				CLANG_WARN_DIRECT_OBJC_ISA_USAGE = YES_ERROR;
				CLANG_WARN_DOCUMENTATION_COMMENTS = YES;
				CLANG_WARN_EMPTY_BODY = YES;
				CLANG_WARN_ENUM_CONVERSION = YES;
				CLANG_WARN_INFINITE_RECURSION = YES;
				CLANG_WARN_INT_CONVERSION = YES;
				CLANG_WARN_NON_LITERAL_NULL_CONVERSION = YES;
				CLANG_WARN_OBJC_IMPLICIT_RETAIN_SELF = YES;
				CLANG_WARN_OBJC_LITERAL_CONVERSION = YES;
				CLANG_WARN_OBJC_ROOT_CLASS = YES_ERROR;
				CLANG_WARN_QUOTED_INCLUDE_IN_FRAMEWORK_HEADER = YES;
				CLANG_WARN_RANGE_LOOP_ANALYSIS = YES;
				CLANG_WARN_STRICT_PROTOTYPES = YES;
				CLANG_WARN_SUSPICIOUS_MOVE = YES;
				CLANG_WARN_UNGUARDED_AVAILABILITY = YES_AGGRESSIVE;
				CLANG_WARN_UNREACHABLE_CODE = YES;
				CLANG_WARN__DUPLICATE_METHOD_MATCH = YES;
				COPY_PHASE_STRIP = NO;
				DEBUG_INFORMATION_FORMAT = dwarf;
				ENABLE_STRICT_OBJC_MSGSEND = YES;
				ENABLE_TESTABILITY = YES;
				GCC_C_LANGUAGE_STANDARD = gnu11;
				GCC_DYNAMIC_NO_PIC = NO;
				GCC_NO_COMMON_BLOCKS = YES;
				GCC_OPTIMIZATION_LEVEL = 0;
				GCC_PREPROCESSOR_DEFINITIONS = (
					"DEBUG=1",
					"$(inherited)",
				);
				GCC_WARN_64_TO_32_BIT_CONVERSION = YES;
				GCC_WARN_ABOUT_RETURN_TYPE = YES_ERROR;
				GCC_WARN_UNDECLARED_SELECTOR = YES;
				GCC_WARN_UNINITIALIZED_AUTOS = YES_AGGRESSIVE;
				GCC_WARN_UNUSED_FUNCTION = YES;
				GCC_WARN_UNUSED_VARIABLE = YES;
				IPHONEOS_DEPLOYMENT_TARGET = 15.5;
				MTL_ENABLE_DEBUG_INFO = INCLUDE_SOURCE;
				MTL_FAST_MATH = YES;
				ONLY_ACTIVE_ARCH = YES;
				SDKROOT = iphoneos;
			};
			name = Debug;
		};
/* End XCBuildConfiguration section */

/* Begin XCConfigurationList section */
		AA098AAD2866B03500192637 /* Build configuration list for PBXNativeTarget "MainExtension" */ = {
			isa = XCConfigurationList;
			buildConfigurations = (
				AA098AAE2866B03500192637 /* Debug */,
				AA098AAF2866B03500192637 /* Release */,
			);
			defaultConfigurationIsVisible = 0;
			defaultConfigurationName = Release;
		};
		AA8VY870NI5OU3397Y9IW6K0 /* Build configuration list for PBXNativeTarget "StudyOC" */ = {
			isa = XCConfigurationList;
			buildConfigurations = (
				AA1V50T1076K6627406Y82S5 /* Debug */,
				AA74I05770009W3150U322W8 /* Release */,
			);
			defaultConfigurationIsVisible = 0;
			defaultConfigurationName = Release;
		};
		AAU4O42076248AY43H4J9619 /* Build configuration list for PBXProject "StudyOC" */ = {
			isa = XCConfigurationList;
			buildConfigurations = (
				AAO7225ZX1FPI6UW5A535H31 /* Debug */,
				AA305M134L32L28187857578 /* Release */,
			);
			defaultConfigurationIsVisible = 0;
			defaultConfigurationName = Release;
		};
/* End XCConfigurationList section */
	};
	rootObject = AA590V26MT75IT2689C3V84K /* Project object */;
}
