// !$*UTF8*$!
{
	archiveVersion = 1;
	classes = {
	};
	objectVersion = 55;
	objects = {

/* Begin PBXBuildFile section */
		AA94D4B928607C9A00E68321 /* TimerView.swift in Sources */ = {isa = PBXBuildFile; fileRef = AA94D4B828607C9A00E68321 /* TimerView.swift */; };
		AA95846728607B960039EE1F /* Generic.swift in Sources */ = {isa = PBXBuildFile; fileRef = AA95846628607B960039EE1F /* Generic.swift */; };
		AA95846928607C400039EE1F /* CGDTimer.swift in Sources */ = {isa = PBXBuildFile; fileRef = AA95846828607C400039EE1F /* CGDTimer.swift */; };
		AABA8DA328644336000923C4 /* SwiftSenior.swift in Sources */ = {isa = PBXBuildFile; fileRef = AABA8DA228644336000923C4 /* SwiftSenior.swift */; };
		AAD1C4702856CA75001EE40B /* ___SwiftUIApp.swift in Sources */ = {isa = PBXBuildFile; fileRef = AAD1C46F2856CA75001EE40B /* ___SwiftUIApp.swift */; };
		AAD1C4722856CA75001EE40B /* ContentView.swift in Sources */ = {isa = PBXBuildFile; fileRef = AAD1C4712856CA75001EE40B /* ContentView.swift */; };
		AAD1C4742856CA75001EE40B /* Assets.xcassets in Resources */ = {isa = PBXBuildFile; fileRef = AAD1C4732856CA75001EE40B /* Assets.xcassets */; };
		AAD1C4772856CA75001EE40B /* Preview Assets.xcassets in Resources */ = {isa = PBXBuildFile; fileRef = AAD1C4762856CA75001EE40B /* Preview Assets.xcassets */; };
		AAD1C4812856CA75001EE40B /* ___SwiftUITests.swift in Sources */ = {isa = PBXBuildFile; fileRef = AAD1C4802856CA75001EE40B /* ___SwiftUITests.swift */; };
		AAD1C48B2856CA75001EE40B /* ___SwiftUIUITests.swift in Sources */ = {isa = PBXBuildFile; fileRef = AAD1C48A2856CA75001EE40B /* ___SwiftUIUITests.swift */; };
		AAD1C48D2856CA75001EE40B /* ___SwiftUIUITestsLaunchTests.swift in Sources */ = {isa = PBXBuildFile; fileRef = AAD1C48C2856CA75001EE40B /* ___SwiftUIUITestsLaunchTests.swift */; };
/* End PBXBuildFile section */

/* Begin PBXContainerItemProxy section */
		AAD1C47D2856CA75001EE40B /* PBXContainerItemProxy */ = {
			isa = PBXContainerItemProxy;
			containerPortal = AAD1C4642856CA74001EE40B /* Project object */;
			proxyType = 1;
			remoteGlobalIDString = AAD1C46B2856CA75001EE40B;
			remoteInfo = "体系_SwiftUI";
		};
		AAD1C4872856CA75001EE40B /* PBXContainerItemProxy */ = {
			isa = PBXContainerItemProxy;
			containerPortal = AAD1C4642856CA74001EE40B /* Project object */;
			proxyType = 1;
			remoteGlobalIDString = AAD1C46B2856CA75001EE40B;
			remoteInfo = "体系_SwiftUI";
		};
/* End PBXContainerItemProxy section */

/* Begin PBXFileReference section */
		AA94D4B828607C9A00E68321 /* TimerView.swift */ = {isa = PBXFileReference; lastKnownFileType = sourcecode.swift; path = TimerView.swift; sourceTree = "<group>"; };
		AA95846628607B960039EE1F /* Generic.swift */ = {isa = PBXFileReference; lastKnownFileType = sourcecode.swift; path = Generic.swift; sourceTree = "<group>"; };
		AA95846828607C400039EE1F /* CGDTimer.swift */ = {isa = PBXFileReference; lastKnownFileType = sourcecode.swift; path = CGDTimer.swift; sourceTree = "<group>"; };
		AABA8DA228644336000923C4 /* SwiftSenior.swift */ = {isa = PBXFileReference; lastKnownFileType = sourcecode.swift; path = SwiftSenior.swift; sourceTree = "<group>"; };
		AAD1C46C2856CA75001EE40B /* 体系_SwiftUI.app */ = {isa = PBXFileReference; explicitFileType = wrapper.application; includeInIndex = 0; path = "体系_SwiftUI.app"; sourceTree = BUILT_PRODUCTS_DIR; };
		AAD1C46F2856CA75001EE40B /* ___SwiftUIApp.swift */ = {isa = PBXFileReference; lastKnownFileType = sourcecode.swift; path = "___SwiftUIApp.swift"; sourceTree = "<group>"; };
		AAD1C4712856CA75001EE40B /* ContentView.swift */ = {isa = PBXFileReference; lastKnownFileType = sourcecode.swift; path = ContentView.swift; sourceTree = "<group>"; };
		AAD1C4732856CA75001EE40B /* Assets.xcassets */ = {isa = PBXFileReference; lastKnownFileType = folder.assetcatalog; path = Assets.xcassets; sourceTree = "<group>"; };
		AAD1C4762856CA75001EE40B /* Preview Assets.xcassets */ = {isa = PBXFileReference; lastKnownFileType = folder.assetcatalog; path = "Preview Assets.xcassets"; sourceTree = "<group>"; };
		AAD1C47C2856CA75001EE40B /* 体系_SwiftUITests.xctest */ = {isa = PBXFileReference; explicitFileType = wrapper.cfbundle; includeInIndex = 0; path = "体系_SwiftUITests.xctest"; sourceTree = BUILT_PRODUCTS_DIR; };
		AAD1C4802856CA75001EE40B /* ___SwiftUITests.swift */ = {isa = PBXFileReference; lastKnownFileType = sourcecode.swift; path = "___SwiftUITests.swift"; sourceTree = "<group>"; };
		AAD1C4862856CA75001EE40B /* 体系_SwiftUIUITests.xctest */ = {isa = PBXFileReference; explicitFileType = wrapper.cfbundle; includeInIndex = 0; path = "体系_SwiftUIUITests.xctest"; sourceTree = BUILT_PRODUCTS_DIR; };
		AAD1C48A2856CA75001EE40B /* ___SwiftUIUITests.swift */ = {isa = PBXFileReference; lastKnownFileType = sourcecode.swift; path = "___SwiftUIUITests.swift"; sourceTree = "<group>"; };
		AAD1C48C2856CA75001EE40B /* ___SwiftUIUITestsLaunchTests.swift */ = {isa = PBXFileReference; lastKnownFileType = sourcecode.swift; path = "___SwiftUIUITestsLaunchTests.swift"; sourceTree = "<group>"; };
/* End PBXFileReference section */

/* Begin PBXFrameworksBuildPhase section */
		AAD1C4692856CA75001EE40B /* Frameworks */ = {
			isa = PBXFrameworksBuildPhase;
			buildActionMask = 2147483647;
			files = (
			);
			runOnlyForDeploymentPostprocessing = 0;
		};
		AAD1C4792856CA75001EE40B /* Frameworks */ = {
			isa = PBXFrameworksBuildPhase;
			buildActionMask = 2147483647;
			files = (
			);
			runOnlyForDeploymentPostprocessing = 0;
		};
		AAD1C4832856CA75001EE40B /* Frameworks */ = {
			isa = PBXFrameworksBuildPhase;
			buildActionMask = 2147483647;
			files = (
			);
			runOnlyForDeploymentPostprocessing = 0;
		};
/* End PBXFrameworksBuildPhase section */

/* Begin PBXGroup section */
		AA95846A28607C430039EE1F /* CGD定时器 */ = {
			isa = PBXGroup;
			children = (
				AA95846828607C400039EE1F /* CGDTimer.swift */,
				AA94D4B828607C9A00E68321 /* TimerView.swift */,
			);
			path = "CGD定时器";
			sourceTree = "<group>";
		};
		AABA8DA128644319000923C4 /* Swift高阶函数 */ = {
			isa = PBXGroup;
			children = (
				AABA8DA228644336000923C4 /* SwiftSenior.swift */,
			);
			path = "Swift高阶函数";
			sourceTree = "<group>";
		};
		AAD1C4632856CA74001EE40B = {
			isa = PBXGroup;
			children = (
				AAD1C46E2856CA75001EE40B /* 体系_SwiftUI */,
				AAD1C47F2856CA75001EE40B /* 体系_SwiftUITests */,
				AAD1C4892856CA75001EE40B /* 体系_SwiftUIUITests */,
				AAD1C46D2856CA75001EE40B /* Products */,
			);
			sourceTree = "<group>";
		};
		AAD1C46D2856CA75001EE40B /* Products */ = {
			isa = PBXGroup;
			children = (
				AAD1C46C2856CA75001EE40B /* 体系_SwiftUI.app */,
				AAD1C47C2856CA75001EE40B /* 体系_SwiftUITests.xctest */,
				AAD1C4862856CA75001EE40B /* 体系_SwiftUIUITests.xctest */,
			);
			name = Products;
			sourceTree = "<group>";
		};
		AAD1C46E2856CA75001EE40B /* 体系_SwiftUI */ = {
			isa = PBXGroup;
			children = (
				AAD1C46F2856CA75001EE40B /* ___SwiftUIApp.swift */,
				AAD1C4712856CA75001EE40B /* ContentView.swift */,
				AABA8DA128644319000923C4 /* Swift高阶函数 */,
				AA95846A28607C430039EE1F /* CGD定时器 */,
				AAFEB53D28607B6100DA1226 /* 泛型 */,
				AAD1C4732856CA75001EE40B /* Assets.xcassets */,
				AAD1C4752856CA75001EE40B /* Preview Content */,
			);
			path = "体系_SwiftUI";
			sourceTree = "<group>";
		};
		AAD1C4752856CA75001EE40B /* Preview Content */ = {
			isa = PBXGroup;
			children = (
				AAD1C4762856CA75001EE40B /* Preview Assets.xcassets */,
			);
			path = "Preview Content";
			sourceTree = "<group>";
		};
		AAD1C47F2856CA75001EE40B /* 体系_SwiftUITests */ = {
			isa = PBXGroup;
			children = (
				AAD1C4802856CA75001EE40B /* ___SwiftUITests.swift */,
			);
			path = "体系_SwiftUITests";
			sourceTree = "<group>";
		};
		AAD1C4892856CA75001EE40B /* 体系_SwiftUIUITests */ = {
			isa = PBXGroup;
			children = (
				AAD1C48A2856CA75001EE40B /* ___SwiftUIUITests.swift */,
				AAD1C48C2856CA75001EE40B /* ___SwiftUIUITestsLaunchTests.swift */,
			);
			path = "体系_SwiftUIUITests";
			sourceTree = "<group>";
		};
		AAFEB53D28607B6100DA1226 /* 泛型 */ = {
			isa = PBXGroup;
			children = (
				AA95846628607B960039EE1F /* Generic.swift */,
			);
			path = "泛型";
			sourceTree = "<group>";
		};
/* End PBXGroup section */

/* Begin PBXNativeTarget section */
		AAD1C46B2856CA75001EE40B /* 体系_SwiftUI */ = {
			isa = PBXNativeTarget;
			buildConfigurationList = AAD1C4902856CA75001EE40B /* Build configuration list for PBXNativeTarget "体系_SwiftUI" */;
			buildPhases = (
				AAD1C4682856CA75001EE40B /* Sources */,
				AAD1C4692856CA75001EE40B /* Frameworks */,
				AAD1C46A2856CA75001EE40B /* Resources */,
				AABA8D9928636CA3000923C4 /* ShellScript */,
			);
			buildRules = (
			);
			dependencies = (
			);
			name = "体系_SwiftUI";
			productName = "体系_SwiftUI";
			productReference = AAD1C46C2856CA75001EE40B /* 体系_SwiftUI.app */;
			productType = "com.apple.product-type.application";
		};
		AAD1C47B2856CA75001EE40B /* 体系_SwiftUITests */ = {
			isa = PBXNativeTarget;
			buildConfigurationList = AAD1C4932856CA75001EE40B /* Build configuration list for PBXNativeTarget "体系_SwiftUITests" */;
			buildPhases = (
				AAD1C4782856CA75001EE40B /* Sources */,
				AAD1C4792856CA75001EE40B /* Frameworks */,
				AAD1C47A2856CA75001EE40B /* Resources */,
			);
			buildRules = (
			);
			dependencies = (
				AAD1C47E2856CA75001EE40B /* PBXTargetDependency */,
			);
			name = "体系_SwiftUITests";
			productName = "体系_SwiftUITests";
			productReference = AAD1C47C2856CA75001EE40B /* 体系_SwiftUITests.xctest */;
			productType = "com.apple.product-type.bundle.unit-test";
		};
		AAD1C4852856CA75001EE40B /* 体系_SwiftUIUITests */ = {
			isa = PBXNativeTarget;
			buildConfigurationList = AAD1C4962856CA75001EE40B /* Build configuration list for PBXNativeTarget "体系_SwiftUIUITests" */;
			buildPhases = (
				AAD1C4822856CA75001EE40B /* Sources */,
				AAD1C4832856CA75001EE40B /* Frameworks */,
				AAD1C4842856CA75001EE40B /* Resources */,
			);
			buildRules = (
			);
			dependencies = (
				AAD1C4882856CA75001EE40B /* PBXTargetDependency */,
			);
			name = "体系_SwiftUIUITests";
			productName = "体系_SwiftUIUITests";
			productReference = AAD1C4862856CA75001EE40B /* 体系_SwiftUIUITests.xctest */;
			productType = "com.apple.product-type.bundle.ui-testing";
		};
/* End PBXNativeTarget section */

/* Begin PBXProject section */
		AAD1C4642856CA74001EE40B /* Project object */ = {
			isa = PBXProject;
			attributes = {
				BuildIndependentTargetsInParallel = 1;
				LastSwiftUpdateCheck = 1340;
				LastUpgradeCheck = 1340;
				TargetAttributes = {
					AAD1C46B2856CA75001EE40B = {
						CreatedOnToolsVersion = 13.4.1;
					};
					AAD1C47B2856CA75001EE40B = {
						CreatedOnToolsVersion = 13.4.1;
						TestTargetID = AAD1C46B2856CA75001EE40B;
					};
					AAD1C4852856CA75001EE40B = {
						CreatedOnToolsVersion = 13.4.1;
						TestTargetID = AAD1C46B2856CA75001EE40B;
					};
				};
			};
			buildConfigurationList = AAD1C4672856CA74001EE40B /* Build configuration list for PBXProject "体系_SwiftUI" */;
			compatibilityVersion = "Xcode 13.0";
			developmentRegion = en;
			hasScannedForEncodings = 0;
			knownRegions = (
				en,
				Base,
			);
			mainGroup = AAD1C4632856CA74001EE40B;
			productRefGroup = AAD1C46D2856CA75001EE40B /* Products */;
			projectDirPath = "";
			projectRoot = "";
			targets = (
				AAD1C46B2856CA75001EE40B /* 体系_SwiftUI */,
				AAD1C47B2856CA75001EE40B /* 体系_SwiftUITests */,
				AAD1C4852856CA75001EE40B /* 体系_SwiftUIUITests */,
			);
		};
/* End PBXProject section */

/* Begin PBXResourcesBuildPhase section */
		AAD1C46A2856CA75001EE40B /* Resources */ = {
			isa = PBXResourcesBuildPhase;
			buildActionMask = 2147483647;
			files = (
				AAD1C4772856CA75001EE40B /* Preview Assets.xcassets in Resources */,
				AAD1C4742856CA75001EE40B /* Assets.xcassets in Resources */,
			);
			runOnlyForDeploymentPostprocessing = 0;
		};
		AAD1C47A2856CA75001EE40B /* Resources */ = {
			isa = PBXResourcesBuildPhase;
			buildActionMask = 2147483647;
			files = (
			);
			runOnlyForDeploymentPostprocessing = 0;
		};
		AAD1C4842856CA75001EE40B /* Resources */ = {
			isa = PBXResourcesBuildPhase;
			buildActionMask = 2147483647;
			files = (
			);
			runOnlyForDeploymentPostprocessing = 0;
		};
/* End PBXResourcesBuildPhase section */

/* Begin PBXShellScriptBuildPhase section */
		AABA8D9928636CA3000923C4 /* ShellScript */ = {
			isa = PBXShellScriptBuildPhase;
			buildActionMask = 2147483647;
			files = (
			);
			inputFileListPaths = (
			);
			inputPaths = (
			);
			outputFileListPaths = (
			);
			outputPaths = (
			);
			runOnlyForDeploymentPostprocessing = 0;
			shellPath = /bin/sh;
			shellScript = "# Type a script or drag a script file from your workspace to insert its path.\n\n# 文件夹名称\nFILENAME=\"IpaBuild\"\n\n# 测试包脚本名字\nBUILDNAME=\"ipaBuild\"\n# 上传FTP脚本名字\nFTPNAME=\"ipaUpload\"\n# 测试包并上FTP脚本名字\nBUILDWITHFTPNAME=\"ipaBuildAndUpload\"\n\n# 项目构建目录\nPRODUCTS_PATH=\"${BUILT_PRODUCTS_DIR}\"\n# 项目目录\nTARGET_APP_PATH=\"$PRODUCTS_PATH/${TARGET_NAME}.app\"\n# 打包项目名字\n#APPNAME=\"${TARGET_NAME}\"\nAPPNAME=\"appstore\"\n\n# FTP上传-项目根目录\nUPLOADFILENAMEBEFORE=\"${SRCROOT}\"\n# FTP上传-包\nUPLOADFILENAME=\"/$BUILDNAME/$APPNAME.ipa\"\n# FTP地址\nHOST=\"xxx.xxx.x.xx\"\n# FTP账号\nUSERNAME=\"xxx\"\n# FTP密码\nPASSWORD=\"xxx\"\n# FTP路径\nHOSTFILEPATH=\"/xxx/xxx/xxx/\"\n\n# 每次构建都清理目录\nrm -rf $FILENAME\nmkdir -p $FILENAME\n\n# 测试包脚本\ncd $FILENAME\ntouch $BUILDNAME.command\nchmod +x $BUILDNAME.command\necho \"#!/bin/bash\" >> $BUILDNAME.command\necho 'cd `dirname $0`;' >> $BUILDNAME.command\necho \"mkdir Payload;\" >> $BUILDNAME.command\necho \"echo =============================打包中=============================;\" >> $BUILDNAME.command\necho \"${BUILT_PRODUCTS}\"\necho \"cp -rf $TARGET_APP_PATH Payload;\" >> $BUILDNAME.command\necho \"zip -r -q $APPNAME.ipa Payload;\" >> $BUILDNAME.command\necho \"rm -rf Payload;\" >> $BUILDNAME.command\necho \"echo =============================打包完成=============================;\" >> $BUILDNAME.command\necho \"exit;\" >> $BUILDNAME.command\n\n# 上传FTP脚本\ncd $FILENAME\ntouch $FTPNAME.command\nchmod +x $FTPNAME.command\necho \"#!/usr/bin/expect -f\" >> $FTPNAME.command\necho \"set uploadFileNameBefore $UPLOADFILENAMEBEFORE\" >> $FTPNAME.command\necho \"set uploadFileName $UPLOADFILENAME\" >> $FTPNAME.command\necho \"set host $HOST\" >> $FTPNAME.command\necho \"set username $USERNAME\" >> $FTPNAME.command\necho \"set password $PASSWORD\" >> $FTPNAME.command\necho \"spawn sftp $USERNAME@$HOST\" >> $FTPNAME.command\necho 'expect {\n        \"(yes/no)?\" {send \"yes\\r\"; exp_continue}\n        \"password:\" {send \"'$PASSWORD'\\r\"}\n    }' >> $FTPNAME.command\necho 'expect \"sftp>\"' >> $FTPNAME.command\necho 'send \"cd '$HOSTFILEPATH'\\r\"' >> $FTPNAME.command\necho 'expect \"sftp>\"' >> $FTPNAME.command\necho 'send \"put '$UPLOADFILENAMEBEFORE''$UPLOADFILENAME'\\r\"' >> $FTPNAME.command\necho 'expect \"sftp>\"' >> $FTPNAME.command\necho 'send \"bye\\r\"' >> $FTPNAME.command\necho \"expect eof\" >> $FTPNAME.command\n\n# 测试包并上FTP脚本\ncd $FILENAME\ntouch $BUILDWITHFTPNAME.command\nchmod +x $BUILDWITHFTPNAME.command\necho \"#!/bin/bash\" >> $BUILDWITHFTPNAME.command\necho 'cd `dirname $0`;' >> $BUILDWITHFTPNAME.command\necho \"mkdir Payload;\" >> $BUILDWITHFTPNAME.command\necho \"echo =============================打包中=============================;\" >> $BUILDWITHFTPNAME.command\necho \"${BUILT_PRODUCTS}\"\necho \"cp -rf $TARGET_APP_PATH Payload;\" >> $BUILDWITHFTPNAME.command\necho \"zip -r -q $APPNAME.ipa Payload;\" >> $BUILDWITHFTPNAME.command\necho \"rm -rf Payload;\" >> $BUILDWITHFTPNAME.command\necho \"echo =============================打包完成=============================;\" >> $BUILDWITHFTPNAME.command\necho \"open $UPLOADFILENAMEBEFORE/$FILENAME/$FTPNAME.command\" >> $BUILDWITHFTPNAME.command\necho \"exit;\" >> $BUILDWITHFTPNAME.command\n";
		};
/* End PBXShellScriptBuildPhase section */

/* Begin PBXSourcesBuildPhase section */
		AAD1C4682856CA75001EE40B /* Sources */ = {
			isa = PBXSourcesBuildPhase;
			buildActionMask = 2147483647;
			files = (
				AA94D4B928607C9A00E68321 /* TimerView.swift in Sources */,
				AA95846928607C400039EE1F /* CGDTimer.swift in Sources */,
				AAD1C4722856CA75001EE40B /* ContentView.swift in Sources */,
				AAD1C4702856CA75001EE40B /* ___SwiftUIApp.swift in Sources */,
				AA95846728607B960039EE1F /* Generic.swift in Sources */,
				AABA8DA328644336000923C4 /* SwiftSenior.swift in Sources */,
			);
			runOnlyForDeploymentPostprocessing = 0;
		};
		AAD1C4782856CA75001EE40B /* Sources */ = {
			isa = PBXSourcesBuildPhase;
			buildActionMask = 2147483647;
			files = (
				AAD1C4812856CA75001EE40B /* ___SwiftUITests.swift in Sources */,
			);
			runOnlyForDeploymentPostprocessing = 0;
		};
		AAD1C4822856CA75001EE40B /* Sources */ = {
			isa = PBXSourcesBuildPhase;
			buildActionMask = 2147483647;
			files = (
				AAD1C48D2856CA75001EE40B /* ___SwiftUIUITestsLaunchTests.swift in Sources */,
				AAD1C48B2856CA75001EE40B /* ___SwiftUIUITests.swift in Sources */,
			);
			runOnlyForDeploymentPostprocessing = 0;
		};
/* End PBXSourcesBuildPhase section */

/* Begin PBXTargetDependency section */
		AAD1C47E2856CA75001EE40B /* PBXTargetDependency */ = {
			isa = PBXTargetDependency;
			target = AAD1C46B2856CA75001EE40B /* 体系_SwiftUI */;
			targetProxy = AAD1C47D2856CA75001EE40B /* PBXContainerItemProxy */;
		};
		AAD1C4882856CA75001EE40B /* PBXTargetDependency */ = {
			isa = PBXTargetDependency;
			target = AAD1C46B2856CA75001EE40B /* 体系_SwiftUI */;
			targetProxy = AAD1C4872856CA75001EE40B /* PBXContainerItemProxy */;
		};
/* End PBXTargetDependency section */

/* Begin XCBuildConfiguration section */
		AAD1C48E2856CA75001EE40B /* Debug */ = {
			isa = XCBuildConfiguration;
			buildSettings = {
				ALWAYS_SEARCH_USER_PATHS = NO;
				CLANG_ANALYZER_NONNULL = YES;
				CLANG_ANALYZER_NUMBER_OBJECT_CONVERSION = YES_AGGRESSIVE;
				CLANG_CXX_LANGUAGE_STANDARD = "gnu++17";
				CLANG_ENABLE_MODULES = YES;
				CLANG_ENABLE_OBJC_ARC = YES;
				CLANG_ENABLE_OBJC_WEAK = YES;
				CLANG_WARN_BLOCK_CAPTURE_AUTORELEASING = YES;
				CLANG_WARN_BOOL_CONVERSION = YES;
				CLANG_WARN_COMMA = YES;
				CLANG_WARN_CONSTANT_CONVERSION = YES;
				CLANG_WARN_DEPRECATED_OBJC_IMPLEMENTATIONS = YES;
				CLANG_WARN_DIRECT_OBJC_ISA_USAGE = YES_ERROR;
				CLANG_WARN_DOCUMENTATION_COMMENTS = YES;
				CLANG_WARN_EMPTY_BODY = YES;
				CLANG_WARN_ENUM_CONVERSION = YES;
				CLANG_WARN_INFINITE_RECURSION = YES;
				CLANG_WARN_INT_CONVERSION = YES;
				CLANG_WARN_NON_LITERAL_NULL_CONVERSION = YES;
				CLANG_WARN_OBJC_IMPLICIT_RETAIN_SELF = YES;
				CLANG_WARN_OBJC_LITERAL_CONVERSION = YES;
				CLANG_WARN_OBJC_ROOT_CLASS = YES_ERROR;
				CLANG_WARN_QUOTED_INCLUDE_IN_FRAMEWORK_HEADER = YES;
				CLANG_WARN_RANGE_LOOP_ANALYSIS = YES;
				CLANG_WARN_STRICT_PROTOTYPES = YES;
				CLANG_WARN_SUSPICIOUS_MOVE = YES;
				CLANG_WARN_UNGUARDED_AVAILABILITY = YES_AGGRESSIVE;
				CLANG_WARN_UNREACHABLE_CODE = YES;
				CLANG_WARN__DUPLICATE_METHOD_MATCH = YES;
				COPY_PHASE_STRIP = NO;
				DEBUG_INFORMATION_FORMAT = dwarf;
				ENABLE_STRICT_OBJC_MSGSEND = YES;
				ENABLE_TESTABILITY = YES;
				GCC_C_LANGUAGE_STANDARD = gnu11;
				GCC_DYNAMIC_NO_PIC = NO;
				GCC_NO_COMMON_BLOCKS = YES;
				GCC_OPTIMIZATION_LEVEL = 0;
				GCC_PREPROCESSOR_DEFINITIONS = (
					"DEBUG=1",
					"$(inherited)",
				);
				GCC_WARN_64_TO_32_BIT_CONVERSION = YES;
				GCC_WARN_ABOUT_RETURN_TYPE = YES_ERROR;
				GCC_WARN_UNDECLARED_SELECTOR = YES;
				GCC_WARN_UNINITIALIZED_AUTOS = YES_AGGRESSIVE;
				GCC_WARN_UNUSED_FUNCTION = YES;
				GCC_WARN_UNUSED_VARIABLE = YES;
				IPHONEOS_DEPLOYMENT_TARGET = 15.5;
				MTL_ENABLE_DEBUG_INFO = INCLUDE_SOURCE;
				MTL_FAST_MATH = YES;
				ONLY_ACTIVE_ARCH = YES;
				SDKROOT = iphoneos;
				SWIFT_ACTIVE_COMPILATION_CONDITIONS = DEBUG;
				SWIFT_OPTIMIZATION_LEVEL = "-Onone";
			};
			name = Debug;
		};
		AAD1C48F2856CA75001EE40B /* Release */ = {
			isa = XCBuildConfiguration;
			buildSettings = {
				ALWAYS_SEARCH_USER_PATHS = NO;
				CLANG_ANALYZER_NONNULL = YES;
				CLANG_ANALYZER_NUMBER_OBJECT_CONVERSION = YES_AGGRESSIVE;
				CLANG_CXX_LANGUAGE_STANDARD = "gnu++17";
				CLANG_ENABLE_MODULES = YES;
				CLANG_ENABLE_OBJC_ARC = YES;
				CLANG_ENABLE_OBJC_WEAK = YES;
				CLANG_WARN_BLOCK_CAPTURE_AUTORELEASING = YES;
				CLANG_WARN_BOOL_CONVERSION = YES;
				CLANG_WARN_COMMA = YES;
				CLANG_WARN_CONSTANT_CONVERSION = YES;
				CLANG_WARN_DEPRECATED_OBJC_IMPLEMENTATIONS = YES;
				CLANG_WARN_DIRECT_OBJC_ISA_USAGE = YES_ERROR;
				CLANG_WARN_DOCUMENTATION_COMMENTS = YES;
				CLANG_WARN_EMPTY_BODY = YES;
				CLANG_WARN_ENUM_CONVERSION = YES;
				CLANG_WARN_INFINITE_RECURSION = YES;
				CLANG_WARN_INT_CONVERSION = YES;
				CLANG_WARN_NON_LITERAL_NULL_CONVERSION = YES;
				CLANG_WARN_OBJC_IMPLICIT_RETAIN_SELF = YES;
				CLANG_WARN_OBJC_LITERAL_CONVERSION = YES;
				CLANG_WARN_OBJC_ROOT_CLASS = YES_ERROR;
				CLANG_WARN_QUOTED_INCLUDE_IN_FRAMEWORK_HEADER = YES;
				CLANG_WARN_RANGE_LOOP_ANALYSIS = YES;
				CLANG_WARN_STRICT_PROTOTYPES = YES;
				CLANG_WARN_SUSPICIOUS_MOVE = YES;
				CLANG_WARN_UNGUARDED_AVAILABILITY = YES_AGGRESSIVE;
				CLANG_WARN_UNREACHABLE_CODE = YES;
				CLANG_WARN__DUPLICATE_METHOD_MATCH = YES;
				COPY_PHASE_STRIP = NO;
				DEBUG_INFORMATION_FORMAT = "dwarf-with-dsym";
				ENABLE_NS_ASSERTIONS = NO;
				ENABLE_STRICT_OBJC_MSGSEND = YES;
				GCC_C_LANGUAGE_STANDARD = gnu11;
				GCC_NO_COMMON_BLOCKS = YES;
				GCC_WARN_64_TO_32_BIT_CONVERSION = YES;
				GCC_WARN_ABOUT_RETURN_TYPE = YES_ERROR;
				GCC_WARN_UNDECLARED_SELECTOR = YES;
				GCC_WARN_UNINITIALIZED_AUTOS = YES_AGGRESSIVE;
				GCC_WARN_UNUSED_FUNCTION = YES;
				GCC_WARN_UNUSED_VARIABLE = YES;
				IPHONEOS_DEPLOYMENT_TARGET = 15.5;
				MTL_ENABLE_DEBUG_INFO = NO;
				MTL_FAST_MATH = YES;
				SDKROOT = iphoneos;
				SWIFT_COMPILATION_MODE = wholemodule;
				SWIFT_OPTIMIZATION_LEVEL = "-O";
				VALIDATE_PRODUCT = YES;
			};
			name = Release;
		};
		AAD1C4912856CA75001EE40B /* Debug */ = {
			isa = XCBuildConfiguration;
			buildSettings = {
				ASSETCATALOG_COMPILER_APPICON_NAME = AppIcon;
				ASSETCATALOG_COMPILER_GLOBAL_ACCENT_COLOR_NAME = AccentColor;
				CODE_SIGN_STYLE = Automatic;
				CURRENT_PROJECT_VERSION = 1;
				DEVELOPMENT_ASSET_PATHS = "\"体系_SwiftUI/Preview Content\"";
				ENABLE_PREVIEWS = YES;
				GENERATE_INFOPLIST_FILE = YES;
				INFOPLIST_KEY_UIApplicationSceneManifest_Generation = YES;
				INFOPLIST_KEY_UIApplicationSupportsIndirectInputEvents = YES;
				INFOPLIST_KEY_UILaunchScreen_Generation = YES;
				INFOPLIST_KEY_UISupportedInterfaceOrientations_iPad = "UIInterfaceOrientationPortrait UIInterfaceOrientationPortraitUpsideDown UIInterfaceOrientationLandscapeLeft UIInterfaceOrientationLandscapeRight";
				INFOPLIST_KEY_UISupportedInterfaceOrientations_iPhone = "UIInterfaceOrientationPortrait UIInterfaceOrientationLandscapeLeft UIInterfaceOrientationLandscapeRight";
				LD_RUNPATH_SEARCH_PATHS = (
					"$(inherited)",
					"@executable_path/Frameworks",
				);
				MARKETING_VERSION = 1.0;
				PRODUCT_BUNDLE_IDENTIFIER = "cn.hahn.Swift.---SwiftUI";
				PRODUCT_NAME = "$(TARGET_NAME)";
				SWIFT_EMIT_LOC_STRINGS = YES;
				SWIFT_VERSION = 5.0;
				TARGETED_DEVICE_FAMILY = "1,2";
			};
			name = Debug;
		};
		AAD1C4922856CA75001EE40B /* Release */ = {
			isa = XCBuildConfiguration;
			buildSettings = {
				ASSETCATALOG_COMPILER_APPICON_NAME = AppIcon;
				ASSETCATALOG_COMPILER_GLOBAL_ACCENT_COLOR_NAME = AccentColor;
				CODE_SIGN_STYLE = Automatic;
				CURRENT_PROJECT_VERSION = 1;
				DEVELOPMENT_ASSET_PATHS = "\"体系_SwiftUI/Preview Content\"";
				ENABLE_PREVIEWS = YES;
				GENERATE_INFOPLIST_FILE = YES;
				INFOPLIST_KEY_UIApplicationSceneManifest_Generation = YES;
				INFOPLIST_KEY_UIApplicationSupportsIndirectInputEvents = YES;
				INFOPLIST_KEY_UILaunchScreen_Generation = YES;
				INFOPLIST_KEY_UISupportedInterfaceOrientations_iPad = "UIInterfaceOrientationPortrait UIInterfaceOrientationPortraitUpsideDown UIInterfaceOrientationLandscapeLeft UIInterfaceOrientationLandscapeRight";
				INFOPLIST_KEY_UISupportedInterfaceOrientations_iPhone = "UIInterfaceOrientationPortrait UIInterfaceOrientationLandscapeLeft UIInterfaceOrientationLandscapeRight";
				LD_RUNPATH_SEARCH_PATHS = (
					"$(inherited)",
					"@executable_path/Frameworks",
				);
				MARKETING_VERSION = 1.0;
				PRODUCT_BUNDLE_IDENTIFIER = "cn.hahn.Swift.---SwiftUI";
				PRODUCT_NAME = "$(TARGET_NAME)";
				SWIFT_EMIT_LOC_STRINGS = YES;
				SWIFT_VERSION = 5.0;
				TARGETED_DEVICE_FAMILY = "1,2";
			};
			name = Release;
		};
		AAD1C4942856CA75001EE40B /* Debug */ = {
			isa = XCBuildConfiguration;
			buildSettings = {
				ALWAYS_EMBED_SWIFT_STANDARD_LIBRARIES = YES;
				BUNDLE_LOADER = "$(TEST_HOST)";
				CODE_SIGN_STYLE = Automatic;
				CURRENT_PROJECT_VERSION = 1;
				GENERATE_INFOPLIST_FILE = YES;
				IPHONEOS_DEPLOYMENT_TARGET = 15.5;
				MARKETING_VERSION = 1.0;
				PRODUCT_BUNDLE_IDENTIFIER = "cn.hahn.Swift.---SwiftUITests";
				PRODUCT_NAME = "$(TARGET_NAME)";
				SWIFT_EMIT_LOC_STRINGS = NO;
				SWIFT_VERSION = 5.0;
				TARGETED_DEVICE_FAMILY = "1,2";
				TEST_HOST = "$(BUILT_PRODUCTS_DIR)/体系_SwiftUI.app/体系_SwiftUI";
			};
			name = Debug;
		};
		AAD1C4952856CA75001EE40B /* Release */ = {
			isa = XCBuildConfiguration;
			buildSettings = {
				ALWAYS_EMBED_SWIFT_STANDARD_LIBRARIES = YES;
				BUNDLE_LOADER = "$(TEST_HOST)";
				CODE_SIGN_STYLE = Automatic;
				CURRENT_PROJECT_VERSION = 1;
				GENERATE_INFOPLIST_FILE = YES;
				IPHONEOS_DEPLOYMENT_TARGET = 15.5;
				MARKETING_VERSION = 1.0;
				PRODUCT_BUNDLE_IDENTIFIER = "cn.hahn.Swift.---SwiftUITests";
				PRODUCT_NAME = "$(TARGET_NAME)";
				SWIFT_EMIT_LOC_STRINGS = NO;
				SWIFT_VERSION = 5.0;
				TARGETED_DEVICE_FAMILY = "1,2";
				TEST_HOST = "$(BUILT_PRODUCTS_DIR)/体系_SwiftUI.app/体系_SwiftUI";
			};
			name = Release;
		};
		AAD1C4972856CA75001EE40B /* Debug */ = {
			isa = XCBuildConfiguration;
			buildSettings = {
				ALWAYS_EMBED_SWIFT_STANDARD_LIBRARIES = YES;
				CODE_SIGN_STYLE = Automatic;
				CURRENT_PROJECT_VERSION = 1;
				GENERATE_INFOPLIST_FILE = YES;
				MARKETING_VERSION = 1.0;
				PRODUCT_BUNDLE_IDENTIFIER = "cn.hahn.Swift.---SwiftUIUITests";
				PRODUCT_NAME = "$(TARGET_NAME)";
				SWIFT_EMIT_LOC_STRINGS = NO;
				SWIFT_VERSION = 5.0;
				TARGETED_DEVICE_FAMILY = "1,2";
				TEST_TARGET_NAME = "体系_SwiftUI";
			};
			name = Debug;
		};
		AAD1C4982856CA75001EE40B /* Release */ = {
			isa = XCBuildConfiguration;
			buildSettings = {
				ALWAYS_EMBED_SWIFT_STANDARD_LIBRARIES = YES;
				CODE_SIGN_STYLE = Automatic;
				CURRENT_PROJECT_VERSION = 1;
				GENERATE_INFOPLIST_FILE = YES;
				MARKETING_VERSION = 1.0;
				PRODUCT_BUNDLE_IDENTIFIER = "cn.hahn.Swift.---SwiftUIUITests";
				PRODUCT_NAME = "$(TARGET_NAME)";
				SWIFT_EMIT_LOC_STRINGS = NO;
				SWIFT_VERSION = 5.0;
				TARGETED_DEVICE_FAMILY = "1,2";
				TEST_TARGET_NAME = "体系_SwiftUI";
			};
			name = Release;
		};
/* End XCBuildConfiguration section */

/* Begin XCConfigurationList section */
		AAD1C4672856CA74001EE40B /* Build configuration list for PBXProject "体系_SwiftUI" */ = {
			isa = XCConfigurationList;
			buildConfigurations = (
				AAD1C48E2856CA75001EE40B /* Debug */,
				AAD1C48F2856CA75001EE40B /* Release */,
			);
			defaultConfigurationIsVisible = 0;
			defaultConfigurationName = Release;
		};
		AAD1C4902856CA75001EE40B /* Build configuration list for PBXNativeTarget "体系_SwiftUI" */ = {
			isa = XCConfigurationList;
			buildConfigurations = (
				AAD1C4912856CA75001EE40B /* Debug */,
				AAD1C4922856CA75001EE40B /* Release */,
			);
			defaultConfigurationIsVisible = 0;
			defaultConfigurationName = Release;
		};
		AAD1C4932856CA75001EE40B /* Build configuration list for PBXNativeTarget "体系_SwiftUITests" */ = {
			isa = XCConfigurationList;
			buildConfigurations = (
				AAD1C4942856CA75001EE40B /* Debug */,
				AAD1C4952856CA75001EE40B /* Release */,
			);
			defaultConfigurationIsVisible = 0;
			defaultConfigurationName = Release;
		};
		AAD1C4962856CA75001EE40B /* Build configuration list for PBXNativeTarget "体系_SwiftUIUITests" */ = {
			isa = XCConfigurationList;
			buildConfigurations = (
				AAD1C4972856CA75001EE40B /* Debug */,
				AAD1C4982856CA75001EE40B /* Release */,
			);
			defaultConfigurationIsVisible = 0;
			defaultConfigurationName = Release;
		};
/* End XCConfigurationList section */
	};
	rootObject = AAD1C4642856CA74001EE40B /* Project object */;
}
